// !$*UTF8*$!
{
	archiveVersion = 1;
	classes = {
	};
	objectVersion = 55;
	objects = {

/* Begin PBXBuildFile section */
		D543414327724A120036719F /* cart-watchos WatchKit App.app in Embed Watch Content */ = {isa = PBXBuildFile; fileRef = D543414227724A120036719F /* cart-watchos WatchKit App.app */; settings = {ATTRIBUTES = (RemoveHeadersOnCopy, ); }; };
		D543414827724A150036719F /* Assets.xcassets in Resources */ = {isa = PBXBuildFile; fileRef = D543414727724A150036719F /* Assets.xcassets */; };
		D543414E27724A160036719F /* cart-watchos WatchKit Extension.appex in Embed App Extensions */ = {isa = PBXBuildFile; fileRef = D543414D27724A160036719F /* cart-watchos WatchKit Extension.appex */; settings = {ATTRIBUTES = (RemoveHeadersOnCopy, ); }; };
		D543415327724A160036719F /* cart_watchosApp.swift in Sources */ = {isa = PBXBuildFile; fileRef = D543415227724A160036719F /* cart_watchosApp.swift */; };
		D543415527724A160036719F /* ContentView.swift in Sources */ = {isa = PBXBuildFile; fileRef = D543415427724A160036719F /* ContentView.swift */; };
		D543415727724A160036719F /* NotificationController.swift in Sources */ = {isa = PBXBuildFile; fileRef = D543415627724A160036719F /* NotificationController.swift */; };
		D543415927724A160036719F /* NotificationView.swift in Sources */ = {isa = PBXBuildFile; fileRef = D543415827724A160036719F /* NotificationView.swift */; };
		D543415B27724A160036719F /* ComplicationController.swift in Sources */ = {isa = PBXBuildFile; fileRef = D543415A27724A160036719F /* ComplicationController.swift */; };
		D543415D27724A170036719F /* Assets.xcassets in Resources */ = {isa = PBXBuildFile; fileRef = D543415C27724A170036719F /* Assets.xcassets */; };
		D543416027724A170036719F /* Preview Assets.xcassets in Resources */ = {isa = PBXBuildFile; fileRef = D543415F27724A170036719F /* Preview Assets.xcassets */; };
		D543417427724C000036719F /* Auth0.xcframework in Frameworks */ = {isa = PBXBuildFile; fileRef = D543417127724C000036719F /* Auth0.xcframework */; };
		D543417527724C000036719F /* Auth0.xcframework in Embed Frameworks */ = {isa = PBXBuildFile; fileRef = D543417127724C000036719F /* Auth0.xcframework */; settings = {ATTRIBUTES = (CodeSignOnCopy, RemoveHeadersOnCopy, ); }; };
		D543417627724C000036719F /* SimpleKeychain.xcframework in Frameworks */ = {isa = PBXBuildFile; fileRef = D543417227724C000036719F /* SimpleKeychain.xcframework */; };
		D543417727724C000036719F /* SimpleKeychain.xcframework in Embed Frameworks */ = {isa = PBXBuildFile; fileRef = D543417227724C000036719F /* SimpleKeychain.xcframework */; settings = {ATTRIBUTES = (CodeSignOnCopy, RemoveHeadersOnCopy, ); }; };
		D543417827724C000036719F /* JWTDecode.xcframework in Frameworks */ = {isa = PBXBuildFile; fileRef = D543417327724C000036719F /* JWTDecode.xcframework */; };
		D543417927724C000036719F /* JWTDecode.xcframework in Embed Frameworks */ = {isa = PBXBuildFile; fileRef = D543417327724C000036719F /* JWTDecode.xcframework */; settings = {ATTRIBUTES = (CodeSignOnCopy, RemoveHeadersOnCopy, ); }; };
		D543417C27724C530036719F /* Auth0.plist in Resources */ = {isa = PBXBuildFile; fileRef = D543417B27724C530036719F /* Auth0.plist */; };
		D543417D27724C530036719F /* Auth0.plist in Resources */ = {isa = PBXBuildFile; fileRef = D543417B27724C530036719F /* Auth0.plist */; };
		D543417E27724C530036719F /* Auth0.plist in Resources */ = {isa = PBXBuildFile; fileRef = D543417B27724C530036719F /* Auth0.plist */; };
/* End PBXBuildFile section */

/* Begin PBXContainerItemProxy section */
		D543414427724A120036719F /* PBXContainerItemProxy */ = {
			isa = PBXContainerItemProxy;
			containerPortal = D543413827724A120036719F /* Project object */;
			proxyType = 1;
			remoteGlobalIDString = D543414127724A120036719F;
			remoteInfo = "cart-watchos WatchKit App";
		};
		D543414F27724A160036719F /* PBXContainerItemProxy */ = {
			isa = PBXContainerItemProxy;
			containerPortal = D543413827724A120036719F /* Project object */;
			proxyType = 1;
			remoteGlobalIDString = D543414C27724A160036719F;
			remoteInfo = "cart-watchos WatchKit Extension";
		};
/* End PBXContainerItemProxy section */

/* Begin PBXCopyFilesBuildPhase section */
		D543416827724A170036719F /* Embed App Extensions */ = {
			isa = PBXCopyFilesBuildPhase;
			buildActionMask = 2147483647;
			dstPath = "";
			dstSubfolderSpec = 13;
			files = (
				D543414E27724A160036719F /* cart-watchos WatchKit Extension.appex in Embed App Extensions */,
			);
			name = "Embed App Extensions";
			runOnlyForDeploymentPostprocessing = 0;
		};
		D543416C27724A170036719F /* Embed Watch Content */ = {
			isa = PBXCopyFilesBuildPhase;
			buildActionMask = 2147483647;
			dstPath = "$(CONTENTS_FOLDER_PATH)/Watch";
			dstSubfolderSpec = 16;
			files = (
				D543414327724A120036719F /* cart-watchos WatchKit App.app in Embed Watch Content */,
			);
			name = "Embed Watch Content";
			runOnlyForDeploymentPostprocessing = 0;
		};
		D543417A27724C000036719F /* Embed Frameworks */ = {
			isa = PBXCopyFilesBuildPhase;
			buildActionMask = 2147483647;
			dstPath = "";
			dstSubfolderSpec = 10;
			files = (
				D543417527724C000036719F /* Auth0.xcframework in Embed Frameworks */,
				D543417927724C000036719F /* JWTDecode.xcframework in Embed Frameworks */,
				D543417727724C000036719F /* SimpleKeychain.xcframework in Embed Frameworks */,
			);
			name = "Embed Frameworks";
			runOnlyForDeploymentPostprocessing = 0;
		};
/* End PBXCopyFilesBuildPhase section */

/* Begin PBXFileReference section */
		D543413E27724A120036719F /* cart-watchos.app */ = {isa = PBXFileReference; explicitFileType = wrapper.application; includeInIndex = 0; path = "cart-watchos.app"; sourceTree = BUILT_PRODUCTS_DIR; };
		D543414227724A120036719F /* cart-watchos WatchKit App.app */ = {isa = PBXFileReference; explicitFileType = wrapper.application; includeInIndex = 0; path = "cart-watchos WatchKit App.app"; sourceTree = BUILT_PRODUCTS_DIR; };
		D543414727724A150036719F /* Assets.xcassets */ = {isa = PBXFileReference; lastKnownFileType = folder.assetcatalog; path = Assets.xcassets; sourceTree = "<group>"; };
		D543414D27724A160036719F /* cart-watchos WatchKit Extension.appex */ = {isa = PBXFileReference; explicitFileType = "wrapper.app-extension"; includeInIndex = 0; path = "cart-watchos WatchKit Extension.appex"; sourceTree = BUILT_PRODUCTS_DIR; };
		D543415227724A160036719F /* cart_watchosApp.swift */ = {isa = PBXFileReference; lastKnownFileType = sourcecode.swift; path = cart_watchosApp.swift; sourceTree = "<group>"; };
		D543415427724A160036719F /* ContentView.swift */ = {isa = PBXFileReference; lastKnownFileType = sourcecode.swift; path = ContentView.swift; sourceTree = "<group>"; };
		D543415627724A160036719F /* NotificationController.swift */ = {isa = PBXFileReference; lastKnownFileType = sourcecode.swift; path = NotificationController.swift; sourceTree = "<group>"; };
		D543415827724A160036719F /* NotificationView.swift */ = {isa = PBXFileReference; lastKnownFileType = sourcecode.swift; path = NotificationView.swift; sourceTree = "<group>"; };
		D543415A27724A160036719F /* ComplicationController.swift */ = {isa = PBXFileReference; lastKnownFileType = sourcecode.swift; path = ComplicationController.swift; sourceTree = "<group>"; };
		D543415C27724A170036719F /* Assets.xcassets */ = {isa = PBXFileReference; lastKnownFileType = folder.assetcatalog; path = Assets.xcassets; sourceTree = "<group>"; };
		D543415F27724A170036719F /* Preview Assets.xcassets */ = {isa = PBXFileReference; lastKnownFileType = folder.assetcatalog; path = "Preview Assets.xcassets"; sourceTree = "<group>"; };
		D543416127724A170036719F /* Info.plist */ = {isa = PBXFileReference; lastKnownFileType = text.plist.xml; path = Info.plist; sourceTree = "<group>"; };
		D543416227724A170036719F /* PushNotificationPayload.apns */ = {isa = PBXFileReference; lastKnownFileType = text; path = PushNotificationPayload.apns; sourceTree = "<group>"; };
		D543417127724C000036719F /* Auth0.xcframework */ = {isa = PBXFileReference; lastKnownFileType = wrapper.xcframework; name = Auth0.xcframework; path = Carthage/Build/Auth0.xcframework; sourceTree = "<group>"; };
		D543417227724C000036719F /* SimpleKeychain.xcframework */ = {isa = PBXFileReference; lastKnownFileType = wrapper.xcframework; name = SimpleKeychain.xcframework; path = Carthage/Build/SimpleKeychain.xcframework; sourceTree = "<group>"; };
		D543417327724C000036719F /* JWTDecode.xcframework */ = {isa = PBXFileReference; lastKnownFileType = wrapper.xcframework; name = JWTDecode.xcframework; path = Carthage/Build/JWTDecode.xcframework; sourceTree = "<group>"; };
		D543417B27724C530036719F /* Auth0.plist */ = {isa = PBXFileReference; lastKnownFileType = text.plist.xml; path = Auth0.plist; sourceTree = "<group>"; };
/* End PBXFileReference section */

/* Begin PBXFrameworksBuildPhase section */
		D543414A27724A160036719F /* Frameworks */ = {
			isa = PBXFrameworksBuildPhase;
			buildActionMask = 2147483647;
			files = (
				D543417427724C000036719F /* Auth0.xcframework in Frameworks */,
				D543417827724C000036719F /* JWTDecode.xcframework in Frameworks */,
				D543417627724C000036719F /* SimpleKeychain.xcframework in Frameworks */,
			);
			runOnlyForDeploymentPostprocessing = 0;
		};
/* End PBXFrameworksBuildPhase section */

/* Begin PBXGroup section */
		D543413727724A120036719F = {
			isa = PBXGroup;
			children = (
				D543417B27724C530036719F /* Auth0.plist */,
				D543414627724A120036719F /* cart-watchos WatchKit App */,
				D543415127724A160036719F /* cart-watchos WatchKit Extension */,
				D543413F27724A120036719F /* Products */,
				D543417027724C000036719F /* Frameworks */,
			);
			sourceTree = "<group>";
		};
		D543413F27724A120036719F /* Products */ = {
			isa = PBXGroup;
			children = (
				D543413E27724A120036719F /* cart-watchos.app */,
				D543414227724A120036719F /* cart-watchos WatchKit App.app */,
				D543414D27724A160036719F /* cart-watchos WatchKit Extension.appex */,
			);
			name = Products;
			sourceTree = "<group>";
		};
		D543414627724A120036719F /* cart-watchos WatchKit App */ = {
			isa = PBXGroup;
			children = (
				D543414727724A150036719F /* Assets.xcassets */,
			);
			path = "cart-watchos WatchKit App";
			sourceTree = "<group>";
		};
		D543415127724A160036719F /* cart-watchos WatchKit Extension */ = {
			isa = PBXGroup;
			children = (
				D543415227724A160036719F /* cart_watchosApp.swift */,
				D543415427724A160036719F /* ContentView.swift */,
				D543415627724A160036719F /* NotificationController.swift */,
				D543415827724A160036719F /* NotificationView.swift */,
				D543415A27724A160036719F /* ComplicationController.swift */,
				D543415C27724A170036719F /* Assets.xcassets */,
				D543416127724A170036719F /* Info.plist */,
				D543416227724A170036719F /* PushNotificationPayload.apns */,
				D543415E27724A170036719F /* Preview Content */,
			);
			path = "cart-watchos WatchKit Extension";
			sourceTree = "<group>";
		};
		D543415E27724A170036719F /* Preview Content */ = {
			isa = PBXGroup;
			children = (
				D543415F27724A170036719F /* Preview Assets.xcassets */,
			);
			path = "Preview Content";
			sourceTree = "<group>";
		};
		D543417027724C000036719F /* Frameworks */ = {
			isa = PBXGroup;
			children = (
				D543417127724C000036719F /* Auth0.xcframework */,
				D543417327724C000036719F /* JWTDecode.xcframework */,
				D543417227724C000036719F /* SimpleKeychain.xcframework */,
			);
			name = Frameworks;
			sourceTree = "<group>";
		};
/* End PBXGroup section */

/* Begin PBXNativeTarget section */
		D543413D27724A120036719F /* cart-watchos */ = {
			isa = PBXNativeTarget;
			buildConfigurationList = D543416D27724A170036719F /* Build configuration list for PBXNativeTarget "cart-watchos" */;
			buildPhases = (
				D543413C27724A120036719F /* Resources */,
				D543416C27724A170036719F /* Embed Watch Content */,
			);
			buildRules = (
			);
			dependencies = (
				D543414527724A120036719F /* PBXTargetDependency */,
			);
			name = "cart-watchos";
			productName = "cart-watchos";
			productReference = D543413E27724A120036719F /* cart-watchos.app */;
			productType = "com.apple.product-type.application.watchapp2-container";
		};
		D543414127724A120036719F /* cart-watchos WatchKit App */ = {
			isa = PBXNativeTarget;
			buildConfigurationList = D543416927724A170036719F /* Build configuration list for PBXNativeTarget "cart-watchos WatchKit App" */;
			buildPhases = (
				D543414027724A120036719F /* Resources */,
				D543416827724A170036719F /* Embed App Extensions */,
			);
			buildRules = (
			);
			dependencies = (
				D543415027724A160036719F /* PBXTargetDependency */,
			);
			name = "cart-watchos WatchKit App";
			productName = "cart-watchos WatchKit App";
			productReference = D543414227724A120036719F /* cart-watchos WatchKit App.app */;
			productType = "com.apple.product-type.application.watchapp2";
		};
		D543414C27724A160036719F /* cart-watchos WatchKit Extension */ = {
			isa = PBXNativeTarget;
			buildConfigurationList = D543416527724A170036719F /* Build configuration list for PBXNativeTarget "cart-watchos WatchKit Extension" */;
			buildPhases = (
				D543414927724A160036719F /* Sources */,
				D543414A27724A160036719F /* Frameworks */,
				D543414B27724A160036719F /* Resources */,
				D543417A27724C000036719F /* Embed Frameworks */,
			);
			buildRules = (
			);
			dependencies = (
			);
			name = "cart-watchos WatchKit Extension";
			productName = "cart-watchos WatchKit Extension";
			productReference = D543414D27724A160036719F /* cart-watchos WatchKit Extension.appex */;
			productType = "com.apple.product-type.watchkit2-extension";
		};
/* End PBXNativeTarget section */

/* Begin PBXProject section */
		D543413827724A120036719F /* Project object */ = {
			isa = PBXProject;
			attributes = {
				BuildIndependentTargetsInParallel = 1;
				LastSwiftUpdateCheck = 1320;
				LastUpgradeCheck = 1320;
				TargetAttributes = {
					D543413D27724A120036719F = {
						CreatedOnToolsVersion = 13.2;
					};
					D543414127724A120036719F = {
						CreatedOnToolsVersion = 13.2;
					};
					D543414C27724A160036719F = {
						CreatedOnToolsVersion = 13.2;
					};
				};
			};
			buildConfigurationList = D543413B27724A120036719F /* Build configuration list for PBXProject "cart-watchos" */;
			compatibilityVersion = "Xcode 13.0";
			developmentRegion = en;
			hasScannedForEncodings = 0;
			knownRegions = (
				en,
				Base,
			);
			mainGroup = D543413727724A120036719F;
			productRefGroup = D543413F27724A120036719F /* Products */;
			projectDirPath = "";
			projectRoot = "";
			targets = (
				D543413D27724A120036719F /* cart-watchos */,
				D543414127724A120036719F /* cart-watchos WatchKit App */,
				D543414C27724A160036719F /* cart-watchos WatchKit Extension */,
			);
		};
/* End PBXProject section */

/* Begin PBXResourcesBuildPhase section */
		D543413C27724A120036719F /* Resources */ = {
			isa = PBXResourcesBuildPhase;
			buildActionMask = 2147483647;
			files = (
				D543417C27724C530036719F /* Auth0.plist in Resources */,
			);
			runOnlyForDeploymentPostprocessing = 0;
		};
		D543414027724A120036719F /* Resources */ = {
			isa = PBXResourcesBuildPhase;
			buildActionMask = 2147483647;
			files = (
				D543414827724A150036719F /* Assets.xcassets in Resources */,
				D543417D27724C530036719F /* Auth0.plist in Resources */,
			);
			runOnlyForDeploymentPostprocessing = 0;
		};
		D543414B27724A160036719F /* Resources */ = {
			isa = PBXResourcesBuildPhase;
			buildActionMask = 2147483647;
			files = (
				D543416027724A170036719F /* Preview Assets.xcassets in Resources */,
				D543417E27724C530036719F /* Auth0.plist in Resources */,
				D543415D27724A170036719F /* Assets.xcassets in Resources */,
			);
			runOnlyForDeploymentPostprocessing = 0;
		};
/* End PBXResourcesBuildPhase section */

/* Begin PBXSourcesBuildPhase section */
		D543414927724A160036719F /* Sources */ = {
			isa = PBXSourcesBuildPhase;
			buildActionMask = 2147483647;
			files = (
				D543415727724A160036719F /* NotificationController.swift in Sources */,
				D543415527724A160036719F /* ContentView.swift in Sources */,
				D543415B27724A160036719F /* ComplicationController.swift in Sources */,
				D543415327724A160036719F /* cart_watchosApp.swift in Sources */,
				D543415927724A160036719F /* NotificationView.swift in Sources */,
			);
			runOnlyForDeploymentPostprocessing = 0;
		};
/* End PBXSourcesBuildPhase section */

/* Begin PBXTargetDependency section */
		D543414527724A120036719F /* PBXTargetDependency */ = {
			isa = PBXTargetDependency;
			target = D543414127724A120036719F /* cart-watchos WatchKit App */;
			targetProxy = D543414427724A120036719F /* PBXContainerItemProxy */;
		};
		D543415027724A160036719F /* PBXTargetDependency */ = {
			isa = PBXTargetDependency;
			target = D543414C27724A160036719F /* cart-watchos WatchKit Extension */;
			targetProxy = D543414F27724A160036719F /* PBXContainerItemProxy */;
		};
/* End PBXTargetDependency section */

/* Begin XCBuildConfiguration section */
		D543416327724A170036719F /* Debug */ = {
			isa = XCBuildConfiguration;
			buildSettings = {
				ALWAYS_SEARCH_USER_PATHS = NO;
				CLANG_ANALYZER_NONNULL = YES;
				CLANG_ANALYZER_NUMBER_OBJECT_CONVERSION = YES_AGGRESSIVE;
				CLANG_CXX_LANGUAGE_STANDARD = "gnu++17";
				CLANG_CXX_LIBRARY = "libc++";
				CLANG_ENABLE_MODULES = YES;
				CLANG_ENABLE_OBJC_ARC = YES;
				CLANG_ENABLE_OBJC_WEAK = YES;
				CLANG_WARN_BLOCK_CAPTURE_AUTORELEASING = YES;
				CLANG_WARN_BOOL_CONVERSION = YES;
				CLANG_WARN_COMMA = YES;
				CLANG_WARN_CONSTANT_CONVERSION = YES;
				CLANG_WARN_DEPRECATED_OBJC_IMPLEMENTATIONS = YES;
				CLANG_WARN_DIRECT_OBJC_ISA_USAGE = YES_ERROR;
				CLANG_WARN_DOCUMENTATION_COMMENTS = YES;
				CLANG_WARN_EMPTY_BODY = YES;
				CLANG_WARN_ENUM_CONVERSION = YES;
				CLANG_WARN_INFINITE_RECURSION = YES;
				CLANG_WARN_INT_CONVERSION = YES;
				CLANG_WARN_NON_LITERAL_NULL_CONVERSION = YES;
				CLANG_WARN_OBJC_IMPLICIT_RETAIN_SELF = YES;
				CLANG_WARN_OBJC_LITERAL_CONVERSION = YES;
				CLANG_WARN_OBJC_ROOT_CLASS = YES_ERROR;
				CLANG_WARN_QUOTED_INCLUDE_IN_FRAMEWORK_HEADER = YES;
				CLANG_WARN_RANGE_LOOP_ANALYSIS = YES;
				CLANG_WARN_STRICT_PROTOTYPES = YES;
				CLANG_WARN_SUSPICIOUS_MOVE = YES;
				CLANG_WARN_UNGUARDED_AVAILABILITY = YES_AGGRESSIVE;
				CLANG_WARN_UNREACHABLE_CODE = YES;
				CLANG_WARN__DUPLICATE_METHOD_MATCH = YES;
				COPY_PHASE_STRIP = NO;
				DEBUG_INFORMATION_FORMAT = dwarf;
				ENABLE_STRICT_OBJC_MSGSEND = YES;
				ENABLE_TESTABILITY = YES;
				GCC_C_LANGUAGE_STANDARD = gnu11;
				GCC_DYNAMIC_NO_PIC = NO;
				GCC_NO_COMMON_BLOCKS = YES;
				GCC_OPTIMIZATION_LEVEL = 0;
				GCC_PREPROCESSOR_DEFINITIONS = (
					"DEBUG=1",
					"$(inherited)",
				);
				GCC_WARN_64_TO_32_BIT_CONVERSION = YES;
				GCC_WARN_ABOUT_RETURN_TYPE = YES_ERROR;
				GCC_WARN_UNDECLARED_SELECTOR = YES;
				GCC_WARN_UNINITIALIZED_AUTOS = YES_AGGRESSIVE;
				GCC_WARN_UNUSED_FUNCTION = YES;
				GCC_WARN_UNUSED_VARIABLE = YES;
				MTL_ENABLE_DEBUG_INFO = INCLUDE_SOURCE;
				MTL_FAST_MATH = YES;
				ONLY_ACTIVE_ARCH = YES;
				SDKROOT = iphoneos;
				SWIFT_ACTIVE_COMPILATION_CONDITIONS = DEBUG;
				SWIFT_OPTIMIZATION_LEVEL = "-Onone";
			};
			name = Debug;
		};
		D543416427724A170036719F /* Release */ = {
			isa = XCBuildConfiguration;
			buildSettings = {
				ALWAYS_SEARCH_USER_PATHS = NO;
				CLANG_ANALYZER_NONNULL = YES;
				CLANG_ANALYZER_NUMBER_OBJECT_CONVERSION = YES_AGGRESSIVE;
				CLANG_CXX_LANGUAGE_STANDARD = "gnu++17";
				CLANG_CXX_LIBRARY = "libc++";
				CLANG_ENABLE_MODULES = YES;
				CLANG_ENABLE_OBJC_ARC = YES;
				CLANG_ENABLE_OBJC_WEAK = YES;
				CLANG_WARN_BLOCK_CAPTURE_AUTORELEASING = YES;
				CLANG_WARN_BOOL_CONVERSION = YES;
				CLANG_WARN_COMMA = YES;
				CLANG_WARN_CONSTANT_CONVERSION = YES;
				CLANG_WARN_DEPRECATED_OBJC_IMPLEMENTATIONS = YES;
				CLANG_WARN_DIRECT_OBJC_ISA_USAGE = YES_ERROR;
				CLANG_WARN_DOCUMENTATION_COMMENTS = YES;
				CLANG_WARN_EMPTY_BODY = YES;
				CLANG_WARN_ENUM_CONVERSION = YES;
				CLANG_WARN_INFINITE_RECURSION = YES;
				CLANG_WARN_INT_CONVERSION = YES;
				CLANG_WARN_NON_LITERAL_NULL_CONVERSION = YES;
				CLANG_WARN_OBJC_IMPLICIT_RETAIN_SELF = YES;
				CLANG_WARN_OBJC_LITERAL_CONVERSION = YES;
				CLANG_WARN_OBJC_ROOT_CLASS = YES_ERROR;
				CLANG_WARN_QUOTED_INCLUDE_IN_FRAMEWORK_HEADER = YES;
				CLANG_WARN_RANGE_LOOP_ANALYSIS = YES;
				CLANG_WARN_STRICT_PROTOTYPES = YES;
				CLANG_WARN_SUSPICIOUS_MOVE = YES;
				CLANG_WARN_UNGUARDED_AVAILABILITY = YES_AGGRESSIVE;
				CLANG_WARN_UNREACHABLE_CODE = YES;
				CLANG_WARN__DUPLICATE_METHOD_MATCH = YES;
				COPY_PHASE_STRIP = NO;
				DEBUG_INFORMATION_FORMAT = "dwarf-with-dsym";
				ENABLE_NS_ASSERTIONS = NO;
				ENABLE_STRICT_OBJC_MSGSEND = YES;
				GCC_C_LANGUAGE_STANDARD = gnu11;
				GCC_NO_COMMON_BLOCKS = YES;
				GCC_WARN_64_TO_32_BIT_CONVERSION = YES;
				GCC_WARN_ABOUT_RETURN_TYPE = YES_ERROR;
				GCC_WARN_UNDECLARED_SELECTOR = YES;
				GCC_WARN_UNINITIALIZED_AUTOS = YES_AGGRESSIVE;
				GCC_WARN_UNUSED_FUNCTION = YES;
				GCC_WARN_UNUSED_VARIABLE = YES;
				MTL_ENABLE_DEBUG_INFO = NO;
				MTL_FAST_MATH = YES;
				SDKROOT = iphoneos;
				SWIFT_COMPILATION_MODE = wholemodule;
				SWIFT_OPTIMIZATION_LEVEL = "-O";
				VALIDATE_PRODUCT = YES;
			};
			name = Release;
		};
		D543416627724A170036719F /* Debug */ = {
			isa = XCBuildConfiguration;
			buildSettings = {
				ASSETCATALOG_COMPILER_COMPLICATION_NAME = Complication;
				CODE_SIGN_STYLE = Automatic;
				CURRENT_PROJECT_VERSION = 1;
				DEVELOPMENT_ASSET_PATHS = "\"cart-watchos WatchKit Extension/Preview Content\"";
				DEVELOPMENT_TEAM = 737Y7L95S3;
				ENABLE_PREVIEWS = YES;
				GENERATE_INFOPLIST_FILE = YES;
				INFOPLIST_FILE = "cart-watchos WatchKit Extension/Info.plist";
				INFOPLIST_KEY_CFBundleDisplayName = "cart-watchos WatchKit Extension";
				INFOPLIST_KEY_CLKComplicationPrincipalClass = "$(PRODUCT_MODULE_NAME).ComplicationController";
				INFOPLIST_KEY_NSHumanReadableCopyright = "";
				INFOPLIST_KEY_WKWatchOnly = YES;
				LD_RUNPATH_SEARCH_PATHS = (
					"$(inherited)",
					"@executable_path/Frameworks",
					"@executable_path/../../Frameworks",
				);
				MARKETING_VERSION = 1.0;
				PRODUCT_BUNDLE_IDENTIFIER = "com.auth0.cart-watchos.watchkitapp.watchkitextension";
				PRODUCT_NAME = "${TARGET_NAME}";
				SDKROOT = watchos;
				SKIP_INSTALL = YES;
				SWIFT_EMIT_LOC_STRINGS = YES;
				SWIFT_VERSION = 5.0;
				TARGETED_DEVICE_FAMILY = 4;
				WATCHOS_DEPLOYMENT_TARGET = 8.3;
			};
			name = Debug;
		};
		D543416727724A170036719F /* Release */ = {
			isa = XCBuildConfiguration;
			buildSettings = {
				ASSETCATALOG_COMPILER_COMPLICATION_NAME = Complication;
				CODE_SIGN_STYLE = Automatic;
				CURRENT_PROJECT_VERSION = 1;
				DEVELOPMENT_ASSET_PATHS = "\"cart-watchos WatchKit Extension/Preview Content\"";
				DEVELOPMENT_TEAM = 737Y7L95S3;
				ENABLE_PREVIEWS = YES;
				GENERATE_INFOPLIST_FILE = YES;
				INFOPLIST_FILE = "cart-watchos WatchKit Extension/Info.plist";
				INFOPLIST_KEY_CFBundleDisplayName = "cart-watchos WatchKit Extension";
				INFOPLIST_KEY_CLKComplicationPrincipalClass = "$(PRODUCT_MODULE_NAME).ComplicationController";
				INFOPLIST_KEY_NSHumanReadableCopyright = "";
				INFOPLIST_KEY_WKWatchOnly = YES;
				LD_RUNPATH_SEARCH_PATHS = (
					"$(inherited)",
					"@executable_path/Frameworks",
					"@executable_path/../../Frameworks",
				);
				MARKETING_VERSION = 1.0;
				PRODUCT_BUNDLE_IDENTIFIER = "com.auth0.cart-watchos.watchkitapp.watchkitextension";
				PRODUCT_NAME = "${TARGET_NAME}";
				SDKROOT = watchos;
				SKIP_INSTALL = YES;
				SWIFT_EMIT_LOC_STRINGS = YES;
				SWIFT_VERSION = 5.0;
				TARGETED_DEVICE_FAMILY = 4;
				WATCHOS_DEPLOYMENT_TARGET = 8.3;
			};
			name = Release;
		};
		D543416A27724A170036719F /* Debug */ = {
			isa = XCBuildConfiguration;
			buildSettings = {
				ALWAYS_EMBED_SWIFT_STANDARD_LIBRARIES = YES;
				ASSETCATALOG_COMPILER_APPICON_NAME = AppIcon;
				ASSETCATALOG_COMPILER_GLOBAL_ACCENT_COLOR_NAME = AccentColor;
				CODE_SIGN_STYLE = Automatic;
				CURRENT_PROJECT_VERSION = 1;
				DEVELOPMENT_TEAM = 737Y7L95S3;
				GENERATE_INFOPLIST_FILE = YES;
				IBSC_MODULE = cart_watchos_WatchKit_Extension;
				INFOPLIST_KEY_CFBundleDisplayName = "cart-watchos WatchKit App";
				INFOPLIST_KEY_UISupportedInterfaceOrientations = "UIInterfaceOrientationPortrait UIInterfaceOrientationPortraitUpsideDown";
				MARKETING_VERSION = 1.0;
				PRODUCT_BUNDLE_IDENTIFIER = "com.auth0.cart-watchos.watchkitapp";
				PRODUCT_NAME = "$(TARGET_NAME)";
				SDKROOT = watchos;
				SKIP_INSTALL = YES;
				SWIFT_EMIT_LOC_STRINGS = YES;
				SWIFT_VERSION = 5.0;
				TARGETED_DEVICE_FAMILY = 4;
				WATCHOS_DEPLOYMENT_TARGET = 8.3;
			};
			name = Debug;
		};
		D543416B27724A170036719F /* Release */ = {
			isa = XCBuildConfiguration;
			buildSettings = {
				ALWAYS_EMBED_SWIFT_STANDARD_LIBRARIES = YES;
				ASSETCATALOG_COMPILER_APPICON_NAME = AppIcon;
				ASSETCATALOG_COMPILER_GLOBAL_ACCENT_COLOR_NAME = AccentColor;
				CODE_SIGN_STYLE = Automatic;
				CURRENT_PROJECT_VERSION = 1;
				DEVELOPMENT_TEAM = 737Y7L95S3;
				GENERATE_INFOPLIST_FILE = YES;
				IBSC_MODULE = cart_watchos_WatchKit_Extension;
				INFOPLIST_KEY_CFBundleDisplayName = "cart-watchos WatchKit App";
				INFOPLIST_KEY_UISupportedInterfaceOrientations = "UIInterfaceOrientationPortrait UIInterfaceOrientationPortraitUpsideDown";
				MARKETING_VERSION = 1.0;
				PRODUCT_BUNDLE_IDENTIFIER = "com.auth0.cart-watchos.watchkitapp";
				PRODUCT_NAME = "$(TARGET_NAME)";
				SDKROOT = watchos;
				SKIP_INSTALL = YES;
				SWIFT_EMIT_LOC_STRINGS = YES;
				SWIFT_VERSION = 5.0;
				TARGETED_DEVICE_FAMILY = 4;
				WATCHOS_DEPLOYMENT_TARGET = 8.3;
			};
			name = Release;
		};
		D543416E27724A170036719F /* Debug */ = {
			isa = XCBuildConfiguration;
			buildSettings = {
				CODE_SIGN_STYLE = Automatic;
				CURRENT_PROJECT_VERSION = 1;
				DEVELOPMENT_TEAM = 737Y7L95S3;
				MARKETING_VERSION = 1.0;
				PRODUCT_BUNDLE_IDENTIFIER = "com.auth0.cart-watchos";
				PRODUCT_NAME = "$(TARGET_NAME)";
				SWIFT_VERSION = 5.0;
			};
			name = Debug;
		};
		D543416F27724A170036719F /* Release */ = {
			isa = XCBuildConfiguration;
			buildSettings = {
				CODE_SIGN_STYLE = Automatic;
				CURRENT_PROJECT_VERSION = 1;
				DEVELOPMENT_TEAM = 737Y7L95S3;
				MARKETING_VERSION = 1.0;
				PRODUCT_BUNDLE_IDENTIFIER = "com.auth0.cart-watchos";
				PRODUCT_NAME = "$(TARGET_NAME)";
				SWIFT_VERSION = 5.0;
			};
			name = Release;
		};
/* End XCBuildConfiguration section */

/* Begin XCConfigurationList section */
		D543413B27724A120036719F /* Build configuration list for PBXProject "cart-watchos" */ = {
			isa = XCConfigurationList;
			buildConfigurations = (
				D543416327724A170036719F /* Debug */,
				D543416427724A170036719F /* Release */,
			);
			defaultConfigurationIsVisible = 0;
			defaultConfigurationName = Release;
		};
		D543416527724A170036719F /* Build configuration list for PBXNativeTarget "cart-watchos WatchKit Extension" */ = {
			isa = XCConfigurationList;
			buildConfigurations = (
				D543416627724A170036719F /* Debug */,
				D543416727724A170036719F /* Release */,
			);
			defaultConfigurationIsVisible = 0;
			defaultConfigurationName = Release;
		};
		D543416927724A170036719F /* Build configuration list for PBXNativeTarget "cart-watchos WatchKit App" */ = {
			isa = XCConfigurationList;
			buildConfigurations = (
				D543416A27724A170036719F /* Debug */,
				D543416B27724A170036719F /* Release */,
			);
			defaultConfigurationIsVisible = 0;
			defaultConfigurationName = Release;
		};
		D543416D27724A170036719F /* Build configuration list for PBXNativeTarget "cart-watchos" */ = {
			isa = XCConfigurationList;
			buildConfigurations = (
				D543416E27724A170036719F /* Debug */,
				D543416F27724A170036719F /* Release */,
			);
			defaultConfigurationIsVisible = 0;
			defaultConfigurationName = Release;
		};
/* End XCConfigurationList section */
	};
	rootObject = D543413827724A120036719F /* Project object */;
}
