// !$*UTF8*$!
{
	archiveVersion = 1;
	classes = {
	};
	objectVersion = 55;
	objects = {

/* Begin PBXBuildFile section */
		D54340F52772243D0036719F /* cart_iosApp.swift in Sources */ = {isa = PBXBuildFile; fileRef = D54340F42772243D0036719F /* cart_iosApp.swift */; };
		D54340F72772243D0036719F /* ContentView.swift in Sources */ = {isa = PBXBuildFile; fileRef = D54340F62772243D0036719F /* ContentView.swift */; };
		D54340F9277224400036719F /* Assets.xcassets in Resources */ = {isa = PBXBuildFile; fileRef = D54340F8277224400036719F /* Assets.xcassets */; };
		D54340FC277224400036719F /* Preview Assets.xcassets in Resources */ = {isa = PBXBuildFile; fileRef = D54340FB277224400036719F /* Preview Assets.xcassets */; };
		D5434106277226DB0036719F /* Auth0.xcframework in Frameworks */ = {isa = PBXBuildFile; fileRef = D5434103277226DB0036719F /* Auth0.xcframework */; };
		D5434107277226DB0036719F /* Auth0.xcframework in Embed Frameworks */ = {isa = PBXBuildFile; fileRef = D5434103277226DB0036719F /* Auth0.xcframework */; settings = {ATTRIBUTES = (CodeSignOnCopy, RemoveHeadersOnCopy, ); }; };
		D5434108277226DB0036719F /* JWTDecode.xcframework in Frameworks */ = {isa = PBXBuildFile; fileRef = D5434104277226DB0036719F /* JWTDecode.xcframework */; };
		D5434109277226DB0036719F /* JWTDecode.xcframework in Embed Frameworks */ = {isa = PBXBuildFile; fileRef = D5434104277226DB0036719F /* JWTDecode.xcframework */; settings = {ATTRIBUTES = (CodeSignOnCopy, RemoveHeadersOnCopy, ); }; };
		D543410A277226DB0036719F /* SimpleKeychain.xcframework in Frameworks */ = {isa = PBXBuildFile; fileRef = D5434105277226DB0036719F /* SimpleKeychain.xcframework */; };
		D543410B277226DB0036719F /* SimpleKeychain.xcframework in Embed Frameworks */ = {isa = PBXBuildFile; fileRef = D5434105277226DB0036719F /* SimpleKeychain.xcframework */; settings = {ATTRIBUTES = (CodeSignOnCopy, RemoveHeadersOnCopy, ); }; };
		D543410E277227340036719F /* Auth0.plist in Resources */ = {isa = PBXBuildFile; fileRef = D543410D277227340036719F /* Auth0.plist */; };
/* End PBXBuildFile section */

/* Begin PBXCopyFilesBuildPhase section */
		D543410C277226DB0036719F /* Embed Frameworks */ = {
			isa = PBXCopyFilesBuildPhase;
			buildActionMask = 2147483647;
			dstPath = "";
			dstSubfolderSpec = 10;
			files = (
				D5434107277226DB0036719F /* Auth0.xcframework in Embed Frameworks */,
				D5434109277226DB0036719F /* JWTDecode.xcframework in Embed Frameworks */,
				D543410B277226DB0036719F /* SimpleKeychain.xcframework in Embed Frameworks */,
			);
			name = "Embed Frameworks";
			runOnlyForDeploymentPostprocessing = 0;
		};
/* End PBXCopyFilesBuildPhase section */

/* Begin PBXFileReference section */
		D54340F12772243D0036719F /* cart-ios.app */ = {isa = PBXFileReference; explicitFileType = wrapper.application; includeInIndex = 0; path = "cart-ios.app"; sourceTree = BUILT_PRODUCTS_DIR; };
		D54340F42772243D0036719F /* cart_iosApp.swift */ = {isa = PBXFileReference; lastKnownFileType = sourcecode.swift; path = cart_iosApp.swift; sourceTree = "<group>"; };
		D54340F62772243D0036719F /* ContentView.swift */ = {isa = PBXFileReference; lastKnownFileType = sourcecode.swift; path = ContentView.swift; sourceTree = "<group>"; };
		D54340F8277224400036719F /* Assets.xcassets */ = {isa = PBXFileReference; lastKnownFileType = folder.assetcatalog; path = Assets.xcassets; sourceTree = "<group>"; };
		D54340FB277224400036719F /* Preview Assets.xcassets */ = {isa = PBXFileReference; lastKnownFileType = folder.assetcatalog; path = "Preview Assets.xcassets"; sourceTree = "<group>"; };
		D5434103277226DB0036719F /* Auth0.xcframework */ = {isa = PBXFileReference; lastKnownFileType = wrapper.xcframework; name = Auth0.xcframework; path = Carthage/Build/Auth0.xcframework; sourceTree = "<group>"; };
		D5434104277226DB0036719F /* JWTDecode.xcframework */ = {isa = PBXFileReference; lastKnownFileType = wrapper.xcframework; name = JWTDecode.xcframework; path = Carthage/Build/JWTDecode.xcframework; sourceTree = "<group>"; };
		D5434105277226DB0036719F /* SimpleKeychain.xcframework */ = {isa = PBXFileReference; lastKnownFileType = wrapper.xcframework; name = SimpleKeychain.xcframework; path = Carthage/Build/SimpleKeychain.xcframework; sourceTree = "<group>"; };
		D543410D277227340036719F /* Auth0.plist */ = {isa = PBXFileReference; lastKnownFileType = text.plist.xml; path = Auth0.plist; sourceTree = "<group>"; };
/* End PBXFileReference section */

/* Begin PBXFrameworksBuildPhase section */
		D54340EE2772243D0036719F /* Frameworks */ = {
			isa = PBXFrameworksBuildPhase;
			buildActionMask = 2147483647;
			files = (
				D5434106277226DB0036719F /* Auth0.xcframework in Frameworks */,
				D5434108277226DB0036719F /* JWTDecode.xcframework in Frameworks */,
				D543410A277226DB0036719F /* SimpleKeychain.xcframework in Frameworks */,
			);
			runOnlyForDeploymentPostprocessing = 0;
		};
/* End PBXFrameworksBuildPhase section */

/* Begin PBXGroup section */
		D54340E82772243D0036719F = {
			isa = PBXGroup;
			children = (
				D543410D277227340036719F /* Auth0.plist */,
				D54340F32772243D0036719F /* cart-ios */,
				D54340F22772243D0036719F /* Products */,
				D5434102277226DB0036719F /* Frameworks */,
			);
			sourceTree = "<group>";
		};
		D54340F22772243D0036719F /* Products */ = {
			isa = PBXGroup;
			children = (
				D54340F12772243D0036719F /* cart-ios.app */,
			);
			name = Products;
			sourceTree = "<group>";
		};
		D54340F32772243D0036719F /* cart-ios */ = {
			isa = PBXGroup;
			children = (
				D54340F42772243D0036719F /* cart_iosApp.swift */,
				D54340F62772243D0036719F /* ContentView.swift */,
				D54340F8277224400036719F /* Assets.xcassets */,
				D54340FA277224400036719F /* Preview Content */,
			);
			path = "cart-ios";
			sourceTree = "<group>";
		};
		D54340FA277224400036719F /* Preview Content */ = {
			isa = PBXGroup;
			children = (
				D54340FB277224400036719F /* Preview Assets.xcassets */,
			);
			path = "Preview Content";
			sourceTree = "<group>";
		};
		D5434102277226DB0036719F /* Frameworks */ = {
			isa = PBXGroup;
			children = (
				D5434103277226DB0036719F /* Auth0.xcframework */,
				D5434104277226DB0036719F /* JWTDecode.xcframework */,
				D5434105277226DB0036719F /* SimpleKeychain.xcframework */,
			);
			name = Frameworks;
			sourceTree = "<group>";
		};
/* End PBXGroup section */

/* Begin PBXNativeTarget section */
		D54340F02772243D0036719F /* cart-ios */ = {
			isa = PBXNativeTarget;
			buildConfigurationList = D54340FF277224400036719F /* Build configuration list for PBXNativeTarget "cart-ios" */;
			buildPhases = (
				D54340ED2772243D0036719F /* Sources */,
				D54340EE2772243D0036719F /* Frameworks */,
				D54340EF2772243D0036719F /* Resources */,
				D543410C277226DB0036719F /* Embed Frameworks */,
			);
			buildRules = (
			);
			dependencies = (
			);
			name = "cart-ios";
			productName = "cart-ios";
			productReference = D54340F12772243D0036719F /* cart-ios.app */;
			productType = "com.apple.product-type.application";
		};
/* End PBXNativeTarget section */

/* Begin PBXProject section */
		D54340E92772243D0036719F /* Project object */ = {
			isa = PBXProject;
			attributes = {
				BuildIndependentTargetsInParallel = 1;
				LastSwiftUpdateCheck = 1320;
				LastUpgradeCheck = 1320;
				TargetAttributes = {
					D54340F02772243D0036719F = {
						CreatedOnToolsVersion = 13.2;
					};
				};
			};
			buildConfigurationList = D54340EC2772243D0036719F /* Build configuration list for PBXProject "cart-ios" */;
			compatibilityVersion = "Xcode 13.0";
			developmentRegion = en;
			hasScannedForEncodings = 0;
			knownRegions = (
				en,
				Base,
			);
			mainGroup = D54340E82772243D0036719F;
			productRefGroup = D54340F22772243D0036719F /* Products */;
			projectDirPath = "";
			projectRoot = "";
			targets = (
				D54340F02772243D0036719F /* cart-ios */,
			);
		};
/* End PBXProject section */

/* Begin PBXResourcesBuildPhase section */
		D54340EF2772243D0036719F /* Resources */ = {
			isa = PBXResourcesBuildPhase;
			buildActionMask = 2147483647;
			files = (
				D54340FC277224400036719F /* Preview Assets.xcassets in Resources */,
				D543410E277227340036719F /* Auth0.plist in Resources */,
				D54340F9277224400036719F /* Assets.xcassets in Resources */,
			);
			runOnlyForDeploymentPostprocessing = 0;
		};
/* End PBXResourcesBuildPhase section */

/* Begin PBXSourcesBuildPhase section */
		D54340ED2772243D0036719F /* Sources */ = {
			isa = PBXSourcesBuildPhase;
			buildActionMask = 2147483647;
			files = (
				D54340F72772243D0036719F /* ContentView.swift in Sources */,
				D54340F52772243D0036719F /* cart_iosApp.swift in Sources */,
			);
			runOnlyForDeploymentPostprocessing = 0;
		};
/* End PBXSourcesBuildPhase section */

/* Begin XCBuildConfiguration section */
		D54340FD277224400036719F /* Debug */ = {
			isa = XCBuildConfiguration;
			buildSettings = {
				ALWAYS_SEARCH_USER_PATHS = NO;
				CLANG_ANALYZER_NONNULL = YES;
				CLANG_ANALYZER_NUMBER_OBJECT_CONVERSION = YES_AGGRESSIVE;
				CLANG_CXX_LANGUAGE_STANDARD = "gnu++17";
				CLANG_CXX_LIBRARY = "libc++";
				CLANG_ENABLE_MODULES = YES;
				CLANG_ENABLE_OBJC_ARC = YES;
				CLANG_ENABLE_OBJC_WEAK = YES;
				CLANG_WARN_BLOCK_CAPTURE_AUTORELEASING = YES;
				CLANG_WARN_BOOL_CONVERSION = YES;
				CLANG_WARN_COMMA = YES;
				CLANG_WARN_CONSTANT_CONVERSION = YES;
				CLANG_WARN_DEPRECATED_OBJC_IMPLEMENTATIONS = YES;
				CLANG_WARN_DIRECT_OBJC_ISA_USAGE = YES_ERROR;
				CLANG_WARN_DOCUMENTATION_COMMENTS = YES;
				CLANG_WARN_EMPTY_BODY = YES;
				CLANG_WARN_ENUM_CONVERSION = YES;
				CLANG_WARN_INFINITE_RECURSION = YES;
				CLANG_WARN_INT_CONVERSION = YES;
				CLANG_WARN_NON_LITERAL_NULL_CONVERSION = YES;
				CLANG_WARN_OBJC_IMPLICIT_RETAIN_SELF = YES;
				CLANG_WARN_OBJC_LITERAL_CONVERSION = YES;
				CLANG_WARN_OBJC_ROOT_CLASS = YES_ERROR;
				CLANG_WARN_QUOTED_INCLUDE_IN_FRAMEWORK_HEADER = YES;
				CLANG_WARN_RANGE_LOOP_ANALYSIS = YES;
				CLANG_WARN_STRICT_PROTOTYPES = YES;
				CLANG_WARN_SUSPICIOUS_MOVE = YES;
				CLANG_WARN_UNGUARDED_AVAILABILITY = YES_AGGRESSIVE;
				CLANG_WARN_UNREACHABLE_CODE = YES;
				CLANG_WARN__DUPLICATE_METHOD_MATCH = YES;
				COPY_PHASE_STRIP = NO;
				DEBUG_INFORMATION_FORMAT = dwarf;
				ENABLE_STRICT_OBJC_MSGSEND = YES;
				ENABLE_TESTABILITY = YES;
				GCC_C_LANGUAGE_STANDARD = gnu11;
				GCC_DYNAMIC_NO_PIC = NO;
				GCC_NO_COMMON_BLOCKS = YES;
				GCC_OPTIMIZATION_LEVEL = 0;
				GCC_PREPROCESSOR_DEFINITIONS = (
					"DEBUG=1",
					"$(inherited)",
				);
				GCC_WARN_64_TO_32_BIT_CONVERSION = YES;
				GCC_WARN_ABOUT_RETURN_TYPE = YES_ERROR;
				GCC_WARN_UNDECLARED_SELECTOR = YES;
				GCC_WARN_UNINITIALIZED_AUTOS = YES_AGGRESSIVE;
				GCC_WARN_UNUSED_FUNCTION = YES;
				GCC_WARN_UNUSED_VARIABLE = YES;
				IPHONEOS_DEPLOYMENT_TARGET = 15.2;
				MTL_ENABLE_DEBUG_INFO = INCLUDE_SOURCE;
				MTL_FAST_MATH = YES;
				ONLY_ACTIVE_ARCH = YES;
				SDKROOT = iphoneos;
				SWIFT_ACTIVE_COMPILATION_CONDITIONS = DEBUG;
				SWIFT_OPTIMIZATION_LEVEL = "-Onone";
			};
			name = Debug;
		};
		D54340FE277224400036719F /* Release */ = {
			isa = XCBuildConfiguration;
			buildSettings = {
				ALWAYS_SEARCH_USER_PATHS = NO;
				CLANG_ANALYZER_NONNULL = YES;
				CLANG_ANALYZER_NUMBER_OBJECT_CONVERSION = YES_AGGRESSIVE;
				CLANG_CXX_LANGUAGE_STANDARD = "gnu++17";
				CLANG_CXX_LIBRARY = "libc++";
				CLANG_ENABLE_MODULES = YES;
				CLANG_ENABLE_OBJC_ARC = YES;
				CLANG_ENABLE_OBJC_WEAK = YES;
				CLANG_WARN_BLOCK_CAPTURE_AUTORELEASING = YES;
				CLANG_WARN_BOOL_CONVERSION = YES;
				CLANG_WARN_COMMA = YES;
				CLANG_WARN_CONSTANT_CONVERSION = YES;
				CLANG_WARN_DEPRECATED_OBJC_IMPLEMENTATIONS = YES;
				CLANG_WARN_DIRECT_OBJC_ISA_USAGE = YES_ERROR;
				CLANG_WARN_DOCUMENTATION_COMMENTS = YES;
				CLANG_WARN_EMPTY_BODY = YES;
				CLANG_WARN_ENUM_CONVERSION = YES;
				CLANG_WARN_INFINITE_RECURSION = YES;
				CLANG_WARN_INT_CONVERSION = YES;
				CLANG_WARN_NON_LITERAL_NULL_CONVERSION = YES;
				CLANG_WARN_OBJC_IMPLICIT_RETAIN_SELF = YES;
				CLANG_WARN_OBJC_LITERAL_CONVERSION = YES;
				CLANG_WARN_OBJC_ROOT_CLASS = YES_ERROR;
				CLANG_WARN_QUOTED_INCLUDE_IN_FRAMEWORK_HEADER = YES;
				CLANG_WARN_RANGE_LOOP_ANALYSIS = YES;
				CLANG_WARN_STRICT_PROTOTYPES = YES;
				CLANG_WARN_SUSPICIOUS_MOVE = YES;
				CLANG_WARN_UNGUARDED_AVAILABILITY = YES_AGGRESSIVE;
				CLANG_WARN_UNREACHABLE_CODE = YES;
				CLANG_WARN__DUPLICATE_METHOD_MATCH = YES;
				COPY_PHASE_STRIP = NO;
				DEBUG_INFORMATION_FORMAT = "dwarf-with-dsym";
				ENABLE_NS_ASSERTIONS = NO;
				ENABLE_STRICT_OBJC_MSGSEND = YES;
				GCC_C_LANGUAGE_STANDARD = gnu11;
				GCC_NO_COMMON_BLOCKS = YES;
				GCC_WARN_64_TO_32_BIT_CONVERSION = YES;
				GCC_WARN_ABOUT_RETURN_TYPE = YES_ERROR;
				GCC_WARN_UNDECLARED_SELECTOR = YES;
				GCC_WARN_UNINITIALIZED_AUTOS = YES_AGGRESSIVE;
				GCC_WARN_UNUSED_FUNCTION = YES;
				GCC_WARN_UNUSED_VARIABLE = YES;
				IPHONEOS_DEPLOYMENT_TARGET = 15.2;
				MTL_ENABLE_DEBUG_INFO = NO;
				MTL_FAST_MATH = YES;
				SDKROOT = iphoneos;
				SWIFT_COMPILATION_MODE = wholemodule;
				SWIFT_OPTIMIZATION_LEVEL = "-O";
				VALIDATE_PRODUCT = YES;
			};
			name = Release;
		};
		D5434100277224400036719F /* Debug */ = {
			isa = XCBuildConfiguration;
			buildSettings = {
				ASSETCATALOG_COMPILER_APPICON_NAME = AppIcon;
				ASSETCATALOG_COMPILER_GLOBAL_ACCENT_COLOR_NAME = AccentColor;
				CODE_SIGN_STYLE = Automatic;
				CURRENT_PROJECT_VERSION = 1;
				DEVELOPMENT_ASSET_PATHS = "\"cart-ios/Preview Content\"";
				DEVELOPMENT_TEAM = 737Y7L95S3;
				ENABLE_PREVIEWS = YES;
				GENERATE_INFOPLIST_FILE = YES;
				INFOPLIST_KEY_UIApplicationSceneManifest_Generation = YES;
				INFOPLIST_KEY_UIApplicationSupportsIndirectInputEvents = YES;
				INFOPLIST_KEY_UILaunchScreen_Generation = YES;
				INFOPLIST_KEY_UISupportedInterfaceOrientations_iPad = "UIInterfaceOrientationPortrait UIInterfaceOrientationPortraitUpsideDown UIInterfaceOrientationLandscapeLeft UIInterfaceOrientationLandscapeRight";
				INFOPLIST_KEY_UISupportedInterfaceOrientations_iPhone = "UIInterfaceOrientationPortrait UIInterfaceOrientationLandscapeLeft UIInterfaceOrientationLandscapeRight";
				LD_RUNPATH_SEARCH_PATHS = (
					"$(inherited)",
					"@executable_path/Frameworks",
				);
				MARKETING_VERSION = 1.0;
				PRODUCT_BUNDLE_IDENTIFIER = "com.auth0.cart-ios";
				PRODUCT_NAME = "$(TARGET_NAME)";
				SWIFT_EMIT_LOC_STRINGS = YES;
				SWIFT_VERSION = 5.0;
				TARGETED_DEVICE_FAMILY = "1,2";
			};
			name = Debug;
		};
		D5434101277224400036719F /* Release */ = {
			isa = XCBuildConfiguration;
			buildSettings = {
				ASSETCATALOG_COMPILER_APPICON_NAME = AppIcon;
				ASSETCATALOG_COMPILER_GLOBAL_ACCENT_COLOR_NAME = AccentColor;
				CODE_SIGN_STYLE = Automatic;
				CURRENT_PROJECT_VERSION = 1;
				DEVELOPMENT_ASSET_PATHS = "\"cart-ios/Preview Content\"";
				DEVELOPMENT_TEAM = 737Y7L95S3;
				ENABLE_PREVIEWS = YES;
				GENERATE_INFOPLIST_FILE = YES;
				INFOPLIST_KEY_UIApplicationSceneManifest_Generation = YES;
				INFOPLIST_KEY_UIApplicationSupportsIndirectInputEvents = YES;
				INFOPLIST_KEY_UILaunchScreen_Generation = YES;
				INFOPLIST_KEY_UISupportedInterfaceOrientations_iPad = "UIInterfaceOrientationPortrait UIInterfaceOrientationPortraitUpsideDown UIInterfaceOrientationLandscapeLeft UIInterfaceOrientationLandscapeRight";
				INFOPLIST_KEY_UISupportedInterfaceOrientations_iPhone = "UIInterfaceOrientationPortrait UIInterfaceOrientationLandscapeLeft UIInterfaceOrientationLandscapeRight";
				LD_RUNPATH_SEARCH_PATHS = (
					"$(inherited)",
					"@executable_path/Frameworks",
				);
				MARKETING_VERSION = 1.0;
				PRODUCT_BUNDLE_IDENTIFIER = "com.auth0.cart-ios";
				PRODUCT_NAME = "$(TARGET_NAME)";
				SWIFT_EMIT_LOC_STRINGS = YES;
				SWIFT_VERSION = 5.0;
				TARGETED_DEVICE_FAMILY = "1,2";
			};
			name = Release;
		};
/* End XCBuildConfiguration section */

/* Begin XCConfigurationList section */
		D54340EC2772243D0036719F /* Build configuration list for PBXProject "cart-ios" */ = {
			isa = XCConfigurationList;
			buildConfigurations = (
				D54340FD277224400036719F /* Debug */,
				D54340FE277224400036719F /* Release */,
			);
			defaultConfigurationIsVisible = 0;
			defaultConfigurationName = Release;
		};
		D54340FF277224400036719F /* Build configuration list for PBXNativeTarget "cart-ios" */ = {
			isa = XCConfigurationList;
			buildConfigurations = (
				D5434100277224400036719F /* Debug */,
				D5434101277224400036719F /* Release */,
			);
			defaultConfigurationIsVisible = 0;
			defaultConfigurationName = Release;
		};
/* End XCConfigurationList section */
	};
	rootObject = D54340E92772243D0036719F /* Project object */;
}
