// !$*UTF8*$!
{
	archiveVersion = 1;
	classes = {
	};
	objectVersion = 55;
	objects = {

/* Begin PBXBuildFile section */
		D543411C27722A920036719F /* cart_macosApp.swift in Sources */ = {isa = PBXBuildFile; fileRef = D543411B27722A920036719F /* cart_macosApp.swift */; };
		D543411E27722A920036719F /* ContentView.swift in Sources */ = {isa = PBXBuildFile; fileRef = D543411D27722A920036719F /* ContentView.swift */; };
		D543412027722A950036719F /* Assets.xcassets in Resources */ = {isa = PBXBuildFile; fileRef = D543411F27722A950036719F /* Assets.xcassets */; };
		D543412327722A950036719F /* Preview Assets.xcassets in Resources */ = {isa = PBXBuildFile; fileRef = D543412227722A950036719F /* Preview Assets.xcassets */; };
		D543412B27722AB90036719F /* Auth0.plist in Resources */ = {isa = PBXBuildFile; fileRef = D543412A27722AB90036719F /* Auth0.plist */; };
		D543413027722C720036719F /* Auth0.xcframework in Frameworks */ = {isa = PBXBuildFile; fileRef = D543412D27722C720036719F /* Auth0.xcframework */; };
		D543413127722C720036719F /* Auth0.xcframework in Embed Frameworks */ = {isa = PBXBuildFile; fileRef = D543412D27722C720036719F /* Auth0.xcframework */; settings = {ATTRIBUTES = (CodeSignOnCopy, RemoveHeadersOnCopy, ); }; };
		D543413227722C720036719F /* JWTDecode.xcframework in Frameworks */ = {isa = PBXBuildFile; fileRef = D543412E27722C720036719F /* JWTDecode.xcframework */; };
		D543413327722C720036719F /* JWTDecode.xcframework in Embed Frameworks */ = {isa = PBXBuildFile; fileRef = D543412E27722C720036719F /* JWTDecode.xcframework */; settings = {ATTRIBUTES = (CodeSignOnCopy, RemoveHeadersOnCopy, ); }; };
		D543413427722C720036719F /* SimpleKeychain.xcframework in Frameworks */ = {isa = PBXBuildFile; fileRef = D543412F27722C720036719F /* SimpleKeychain.xcframework */; };
		D543413527722C720036719F /* SimpleKeychain.xcframework in Embed Frameworks */ = {isa = PBXBuildFile; fileRef = D543412F27722C720036719F /* SimpleKeychain.xcframework */; settings = {ATTRIBUTES = (CodeSignOnCopy, RemoveHeadersOnCopy, ); }; };
/* End PBXBuildFile section */

/* Begin PBXCopyFilesBuildPhase section */
		D543413627722C720036719F /* Embed Frameworks */ = {
			isa = PBXCopyFilesBuildPhase;
			buildActionMask = 2147483647;
			dstPath = "";
			dstSubfolderSpec = 10;
			files = (
				D543413127722C720036719F /* Auth0.xcframework in Embed Frameworks */,
				D543413327722C720036719F /* JWTDecode.xcframework in Embed Frameworks */,
				D543413527722C720036719F /* SimpleKeychain.xcframework in Embed Frameworks */,
			);
			name = "Embed Frameworks";
			runOnlyForDeploymentPostprocessing = 0;
		};
/* End PBXCopyFilesBuildPhase section */

/* Begin PBXFileReference section */
		D543411827722A920036719F /* cart-macos.app */ = {isa = PBXFileReference; explicitFileType = wrapper.application; includeInIndex = 0; path = "cart-macos.app"; sourceTree = BUILT_PRODUCTS_DIR; };
		D543411B27722A920036719F /* cart_macosApp.swift */ = {isa = PBXFileReference; lastKnownFileType = sourcecode.swift; path = cart_macosApp.swift; sourceTree = "<group>"; };
		D543411D27722A920036719F /* ContentView.swift */ = {isa = PBXFileReference; lastKnownFileType = sourcecode.swift; path = ContentView.swift; sourceTree = "<group>"; };
		D543411F27722A950036719F /* Assets.xcassets */ = {isa = PBXFileReference; lastKnownFileType = folder.assetcatalog; path = Assets.xcassets; sourceTree = "<group>"; };
		D543412227722A950036719F /* Preview Assets.xcassets */ = {isa = PBXFileReference; lastKnownFileType = folder.assetcatalog; path = "Preview Assets.xcassets"; sourceTree = "<group>"; };
		D543412427722A950036719F /* cart_macos.entitlements */ = {isa = PBXFileReference; lastKnownFileType = text.plist.entitlements; path = cart_macos.entitlements; sourceTree = "<group>"; };
		D543412A27722AB90036719F /* Auth0.plist */ = {isa = PBXFileReference; lastKnownFileType = text.plist.xml; path = Auth0.plist; sourceTree = "<group>"; };
		D543412D27722C720036719F /* Auth0.xcframework */ = {isa = PBXFileReference; lastKnownFileType = wrapper.xcframework; name = Auth0.xcframework; path = Carthage/Build/Auth0.xcframework; sourceTree = "<group>"; };
		D543412E27722C720036719F /* JWTDecode.xcframework */ = {isa = PBXFileReference; lastKnownFileType = wrapper.xcframework; name = JWTDecode.xcframework; path = Carthage/Build/JWTDecode.xcframework; sourceTree = "<group>"; };
		D543412F27722C720036719F /* SimpleKeychain.xcframework */ = {isa = PBXFileReference; lastKnownFileType = wrapper.xcframework; name = SimpleKeychain.xcframework; path = Carthage/Build/SimpleKeychain.xcframework; sourceTree = "<group>"; };
/* End PBXFileReference section */

/* Begin PBXFrameworksBuildPhase section */
		D543411527722A920036719F /* Frameworks */ = {
			isa = PBXFrameworksBuildPhase;
			buildActionMask = 2147483647;
			files = (
				D543413027722C720036719F /* Auth0.xcframework in Frameworks */,
				D543413227722C720036719F /* JWTDecode.xcframework in Frameworks */,
				D543413427722C720036719F /* SimpleKeychain.xcframework in Frameworks */,
			);
			runOnlyForDeploymentPostprocessing = 0;
		};
/* End PBXFrameworksBuildPhase section */

/* Begin PBXGroup section */
		D543410F27722A920036719F = {
			isa = PBXGroup;
			children = (
				D543412A27722AB90036719F /* Auth0.plist */,
				D543411A27722A920036719F /* cart-macos */,
				D543411927722A920036719F /* Products */,
				D543412C27722C720036719F /* Frameworks */,
			);
			sourceTree = "<group>";
		};
		D543411927722A920036719F /* Products */ = {
			isa = PBXGroup;
			children = (
				D543411827722A920036719F /* cart-macos.app */,
			);
			name = Products;
			sourceTree = "<group>";
		};
		D543411A27722A920036719F /* cart-macos */ = {
			isa = PBXGroup;
			children = (
				D543411B27722A920036719F /* cart_macosApp.swift */,
				D543411D27722A920036719F /* ContentView.swift */,
				D543411F27722A950036719F /* Assets.xcassets */,
				D543412427722A950036719F /* cart_macos.entitlements */,
				D543412127722A950036719F /* Preview Content */,
			);
			path = "cart-macos";
			sourceTree = "<group>";
		};
		D543412127722A950036719F /* Preview Content */ = {
			isa = PBXGroup;
			children = (
				D543412227722A950036719F /* Preview Assets.xcassets */,
			);
			path = "Preview Content";
			sourceTree = "<group>";
		};
		D543412C27722C720036719F /* Frameworks */ = {
			isa = PBXGroup;
			children = (
				D543412D27722C720036719F /* Auth0.xcframework */,
				D543412E27722C720036719F /* JWTDecode.xcframework */,
				D543412F27722C720036719F /* SimpleKeychain.xcframework */,
			);
			name = Frameworks;
			sourceTree = "<group>";
		};
/* End PBXGroup section */

/* Begin PBXNativeTarget section */
		D543411727722A920036719F /* cart-macos */ = {
			isa = PBXNativeTarget;
			buildConfigurationList = D543412727722A950036719F /* Build configuration list for PBXNativeTarget "cart-macos" */;
			buildPhases = (
				D543411427722A920036719F /* Sources */,
				D543411527722A920036719F /* Frameworks */,
				D543411627722A920036719F /* Resources */,
				D543413627722C720036719F /* Embed Frameworks */,
			);
			buildRules = (
			);
			dependencies = (
			);
			name = "cart-macos";
			productName = "cart-macos";
			productReference = D543411827722A920036719F /* cart-macos.app */;
			productType = "com.apple.product-type.application";
		};
/* End PBXNativeTarget section */

/* Begin PBXProject section */
		D543411027722A920036719F /* Project object */ = {
			isa = PBXProject;
			attributes = {
				BuildIndependentTargetsInParallel = 1;
				LastSwiftUpdateCheck = 1320;
				LastUpgradeCheck = 1320;
				TargetAttributes = {
					D543411727722A920036719F = {
						CreatedOnToolsVersion = 13.2;
					};
				};
			};
			buildConfigurationList = D543411327722A920036719F /* Build configuration list for PBXProject "cart-macos" */;
			compatibilityVersion = "Xcode 13.0";
			developmentRegion = en;
			hasScannedForEncodings = 0;
			knownRegions = (
				en,
				Base,
			);
			mainGroup = D543410F27722A920036719F;
			productRefGroup = D543411927722A920036719F /* Products */;
			projectDirPath = "";
			projectRoot = "";
			targets = (
				D543411727722A920036719F /* cart-macos */,
			);
		};
/* End PBXProject section */

/* Begin PBXResourcesBuildPhase section */
		D543411627722A920036719F /* Resources */ = {
			isa = PBXResourcesBuildPhase;
			buildActionMask = 2147483647;
			files = (
				D543412327722A950036719F /* Preview Assets.xcassets in Resources */,
				D543412B27722AB90036719F /* Auth0.plist in Resources */,
				D543412027722A950036719F /* Assets.xcassets in Resources */,
			);
			runOnlyForDeploymentPostprocessing = 0;
		};
/* End PBXResourcesBuildPhase section */

/* Begin PBXSourcesBuildPhase section */
		D543411427722A920036719F /* Sources */ = {
			isa = PBXSourcesBuildPhase;
			buildActionMask = 2147483647;
			files = (
				D543411E27722A920036719F /* ContentView.swift in Sources */,
				D543411C27722A920036719F /* cart_macosApp.swift in Sources */,
			);
			runOnlyForDeploymentPostprocessing = 0;
		};
/* End PBXSourcesBuildPhase section */

/* Begin XCBuildConfiguration section */
		D543412527722A950036719F /* Debug */ = {
			isa = XCBuildConfiguration;
			buildSettings = {
				ALWAYS_SEARCH_USER_PATHS = NO;
				CLANG_ANALYZER_NONNULL = YES;
				CLANG_ANALYZER_NUMBER_OBJECT_CONVERSION = YES_AGGRESSIVE;
				CLANG_CXX_LANGUAGE_STANDARD = "gnu++17";
				CLANG_CXX_LIBRARY = "libc++";
				CLANG_ENABLE_MODULES = YES;
				CLANG_ENABLE_OBJC_ARC = YES;
				CLANG_ENABLE_OBJC_WEAK = YES;
				CLANG_WARN_BLOCK_CAPTURE_AUTORELEASING = YES;
				CLANG_WARN_BOOL_CONVERSION = YES;
				CLANG_WARN_COMMA = YES;
				CLANG_WARN_CONSTANT_CONVERSION = YES;
				CLANG_WARN_DEPRECATED_OBJC_IMPLEMENTATIONS = YES;
				CLANG_WARN_DIRECT_OBJC_ISA_USAGE = YES_ERROR;
				CLANG_WARN_DOCUMENTATION_COMMENTS = YES;
				CLANG_WARN_EMPTY_BODY = YES;
				CLANG_WARN_ENUM_CONVERSION = YES;
				CLANG_WARN_INFINITE_RECURSION = YES;
				CLANG_WARN_INT_CONVERSION = YES;
				CLANG_WARN_NON_LITERAL_NULL_CONVERSION = YES;
				CLANG_WARN_OBJC_IMPLICIT_RETAIN_SELF = YES;
				CLANG_WARN_OBJC_LITERAL_CONVERSION = YES;
				CLANG_WARN_OBJC_ROOT_CLASS = YES_ERROR;
				CLANG_WARN_QUOTED_INCLUDE_IN_FRAMEWORK_HEADER = YES;
				CLANG_WARN_RANGE_LOOP_ANALYSIS = YES;
				CLANG_WARN_STRICT_PROTOTYPES = YES;
				CLANG_WARN_SUSPICIOUS_MOVE = YES;
				CLANG_WARN_UNGUARDED_AVAILABILITY = YES_AGGRESSIVE;
				CLANG_WARN_UNREACHABLE_CODE = YES;
				CLANG_WARN__DUPLICATE_METHOD_MATCH = YES;
				COPY_PHASE_STRIP = NO;
				DEBUG_INFORMATION_FORMAT = dwarf;
				ENABLE_STRICT_OBJC_MSGSEND = YES;
				ENABLE_TESTABILITY = YES;
				GCC_C_LANGUAGE_STANDARD = gnu11;
				GCC_DYNAMIC_NO_PIC = NO;
				GCC_NO_COMMON_BLOCKS = YES;
				GCC_OPTIMIZATION_LEVEL = 0;
				GCC_PREPROCESSOR_DEFINITIONS = (
					"DEBUG=1",
					"$(inherited)",
				);
				GCC_WARN_64_TO_32_BIT_CONVERSION = YES;
				GCC_WARN_ABOUT_RETURN_TYPE = YES_ERROR;
				GCC_WARN_UNDECLARED_SELECTOR = YES;
				GCC_WARN_UNINITIALIZED_AUTOS = YES_AGGRESSIVE;
				GCC_WARN_UNUSED_FUNCTION = YES;
				GCC_WARN_UNUSED_VARIABLE = YES;
				MACOSX_DEPLOYMENT_TARGET = 11.6;
				MTL_ENABLE_DEBUG_INFO = INCLUDE_SOURCE;
				MTL_FAST_MATH = YES;
				ONLY_ACTIVE_ARCH = YES;
				SDKROOT = macosx;
				SWIFT_ACTIVE_COMPILATION_CONDITIONS = DEBUG;
				SWIFT_OPTIMIZATION_LEVEL = "-Onone";
			};
			name = Debug;
		};
		D543412627722A950036719F /* Release */ = {
			isa = XCBuildConfiguration;
			buildSettings = {
				ALWAYS_SEARCH_USER_PATHS = NO;
				CLANG_ANALYZER_NONNULL = YES;
				CLANG_ANALYZER_NUMBER_OBJECT_CONVERSION = YES_AGGRESSIVE;
				CLANG_CXX_LANGUAGE_STANDARD = "gnu++17";
				CLANG_CXX_LIBRARY = "libc++";
				CLANG_ENABLE_MODULES = YES;
				CLANG_ENABLE_OBJC_ARC = YES;
				CLANG_ENABLE_OBJC_WEAK = YES;
				CLANG_WARN_BLOCK_CAPTURE_AUTORELEASING = YES;
				CLANG_WARN_BOOL_CONVERSION = YES;
				CLANG_WARN_COMMA = YES;
				CLANG_WARN_CONSTANT_CONVERSION = YES;
				CLANG_WARN_DEPRECATED_OBJC_IMPLEMENTATIONS = YES;
				CLANG_WARN_DIRECT_OBJC_ISA_USAGE = YES_ERROR;
				CLANG_WARN_DOCUMENTATION_COMMENTS = YES;
				CLANG_WARN_EMPTY_BODY = YES;
				CLANG_WARN_ENUM_CONVERSION = YES;
				CLANG_WARN_INFINITE_RECURSION = YES;
				CLANG_WARN_INT_CONVERSION = YES;
				CLANG_WARN_NON_LITERAL_NULL_CONVERSION = YES;
				CLANG_WARN_OBJC_IMPLICIT_RETAIN_SELF = YES;
				CLANG_WARN_OBJC_LITERAL_CONVERSION = YES;
				CLANG_WARN_OBJC_ROOT_CLASS = YES_ERROR;
				CLANG_WARN_QUOTED_INCLUDE_IN_FRAMEWORK_HEADER = YES;
				CLANG_WARN_RANGE_LOOP_ANALYSIS = YES;
				CLANG_WARN_STRICT_PROTOTYPES = YES;
				CLANG_WARN_SUSPICIOUS_MOVE = YES;
				CLANG_WARN_UNGUARDED_AVAILABILITY = YES_AGGRESSIVE;
				CLANG_WARN_UNREACHABLE_CODE = YES;
				CLANG_WARN__DUPLICATE_METHOD_MATCH = YES;
				COPY_PHASE_STRIP = NO;
				DEBUG_INFORMATION_FORMAT = "dwarf-with-dsym";
				ENABLE_NS_ASSERTIONS = NO;
				ENABLE_STRICT_OBJC_MSGSEND = YES;
				GCC_C_LANGUAGE_STANDARD = gnu11;
				GCC_NO_COMMON_BLOCKS = YES;
				GCC_WARN_64_TO_32_BIT_CONVERSION = YES;
				GCC_WARN_ABOUT_RETURN_TYPE = YES_ERROR;
				GCC_WARN_UNDECLARED_SELECTOR = YES;
				GCC_WARN_UNINITIALIZED_AUTOS = YES_AGGRESSIVE;
				GCC_WARN_UNUSED_FUNCTION = YES;
				GCC_WARN_UNUSED_VARIABLE = YES;
				MACOSX_DEPLOYMENT_TARGET = 11.6;
				MTL_ENABLE_DEBUG_INFO = NO;
				MTL_FAST_MATH = YES;
				SDKROOT = macosx;
				SWIFT_COMPILATION_MODE = wholemodule;
				SWIFT_OPTIMIZATION_LEVEL = "-O";
			};
			name = Release;
		};
		D543412827722A950036719F /* Debug */ = {
			isa = XCBuildConfiguration;
			buildSettings = {
				ASSETCATALOG_COMPILER_APPICON_NAME = AppIcon;
				ASSETCATALOG_COMPILER_GLOBAL_ACCENT_COLOR_NAME = AccentColor;
				CODE_SIGN_ENTITLEMENTS = "cart-macos/cart_macos.entitlements";
				CODE_SIGN_STYLE = Automatic;
				COMBINE_HIDPI_IMAGES = YES;
				CURRENT_PROJECT_VERSION = 1;
				DEVELOPMENT_ASSET_PATHS = "\"cart-macos/Preview Content\"";
				DEVELOPMENT_TEAM = 737Y7L95S3;
				ENABLE_HARDENED_RUNTIME = YES;
				ENABLE_PREVIEWS = YES;
				GENERATE_INFOPLIST_FILE = YES;
				INFOPLIST_KEY_NSHumanReadableCopyright = "";
				LD_RUNPATH_SEARCH_PATHS = (
					"$(inherited)",
					"@executable_path/../Frameworks",
				);
				MARKETING_VERSION = 1.0;
				PRODUCT_BUNDLE_IDENTIFIER = "com.auth0.cart-macos";
				PRODUCT_NAME = "$(TARGET_NAME)";
				SWIFT_EMIT_LOC_STRINGS = YES;
				SWIFT_VERSION = 5.0;
			};
			name = Debug;
		};
		D543412927722A950036719F /* Release */ = {
			isa = XCBuildConfiguration;
			buildSettings = {
				ASSETCATALOG_COMPILER_APPICON_NAME = AppIcon;
				ASSETCATALOG_COMPILER_GLOBAL_ACCENT_COLOR_NAME = AccentColor;
				CODE_SIGN_ENTITLEMENTS = "cart-macos/cart_macos.entitlements";
				CODE_SIGN_STYLE = Automatic;
				COMBINE_HIDPI_IMAGES = YES;
				CURRENT_PROJECT_VERSION = 1;
				DEVELOPMENT_ASSET_PATHS = "\"cart-macos/Preview Content\"";
				DEVELOPMENT_TEAM = 737Y7L95S3;
				ENABLE_HARDENED_RUNTIME = YES;
				ENABLE_PREVIEWS = YES;
				GENERATE_INFOPLIST_FILE = YES;
				INFOPLIST_KEY_NSHumanReadableCopyright = "";
				LD_RUNPATH_SEARCH_PATHS = (
					"$(inherited)",
					"@executable_path/../Frameworks",
				);
				MARKETING_VERSION = 1.0;
				PRODUCT_BUNDLE_IDENTIFIER = "com.auth0.cart-macos";
				PRODUCT_NAME = "$(TARGET_NAME)";
				SWIFT_EMIT_LOC_STRINGS = YES;
				SWIFT_VERSION = 5.0;
			};
			name = Release;
		};
/* End XCBuildConfiguration section */

/* Begin XCConfigurationList section */
		D543411327722A920036719F /* Build configuration list for PBXProject "cart-macos" */ = {
			isa = XCConfigurationList;
			buildConfigurations = (
				D543412527722A950036719F /* Debug */,
				D543412627722A950036719F /* Release */,
			);
			defaultConfigurationIsVisible = 0;
			defaultConfigurationName = Release;
		};
		D543412727722A950036719F /* Build configuration list for PBXNativeTarget "cart-macos" */ = {
			isa = XCConfigurationList;
			buildConfigurations = (
				D543412827722A950036719F /* Debug */,
				D543412927722A950036719F /* Release */,
			);
			defaultConfigurationIsVisible = 0;
			defaultConfigurationName = Release;
		};
/* End XCConfigurationList section */
	};
	rootObject = D543411027722A920036719F /* Project object */;
}
