// !$*UTF8*$!
{
	archiveVersion = 1;
	classes = {
	};
	objectVersion = 55;
	objects = {

/* Begin PBXBuildFile section */
		D543418C27724CD40036719F /* cart_tvosApp.swift in Sources */ = {isa = PBXBuildFile; fileRef = D543418B27724CD40036719F /* cart_tvosApp.swift */; };
		D543418E27724CD40036719F /* ContentView.swift in Sources */ = {isa = PBXBuildFile; fileRef = D543418D27724CD40036719F /* ContentView.swift */; };
		D543419027724CD70036719F /* Assets.xcassets in Resources */ = {isa = PBXBuildFile; fileRef = D543418F27724CD70036719F /* Assets.xcassets */; };
		D543419327724CD70036719F /* Preview Assets.xcassets in Resources */ = {isa = PBXBuildFile; fileRef = D543419227724CD70036719F /* Preview Assets.xcassets */; };
		D543419A27724CE70036719F /* Auth0.plist in Resources */ = {isa = PBXBuildFile; fileRef = D543419927724CE70036719F /* Auth0.plist */; };
		D543419F27724E510036719F /* Auth0.xcframework in Frameworks */ = {isa = PBXBuildFile; fileRef = D543419C27724E510036719F /* Auth0.xcframework */; };
		D54341A027724E510036719F /* Auth0.xcframework in Embed Frameworks */ = {isa = PBXBuildFile; fileRef = D543419C27724E510036719F /* Auth0.xcframework */; settings = {ATTRIBUTES = (CodeSignOnCopy, RemoveHeadersOnCopy, ); }; };
		D54341A127724E510036719F /* JWTDecode.xcframework in Frameworks */ = {isa = PBXBuildFile; fileRef = D543419D27724E510036719F /* JWTDecode.xcframework */; };
		D54341A227724E510036719F /* JWTDecode.xcframework in Embed Frameworks */ = {isa = PBXBuildFile; fileRef = D543419D27724E510036719F /* JWTDecode.xcframework */; settings = {ATTRIBUTES = (CodeSignOnCopy, RemoveHeadersOnCopy, ); }; };
		D54341A327724E510036719F /* SimpleKeychain.xcframework in Frameworks */ = {isa = PBXBuildFile; fileRef = D543419E27724E510036719F /* SimpleKeychain.xcframework */; };
		D54341A427724E510036719F /* SimpleKeychain.xcframework in Embed Frameworks */ = {isa = PBXBuildFile; fileRef = D543419E27724E510036719F /* SimpleKeychain.xcframework */; settings = {ATTRIBUTES = (CodeSignOnCopy, RemoveHeadersOnCopy, ); }; };
/* End PBXBuildFile section */

/* Begin PBXCopyFilesBuildPhase section */
		D54341A527724E510036719F /* Embed Frameworks */ = {
			isa = PBXCopyFilesBuildPhase;
			buildActionMask = 2147483647;
			dstPath = "";
			dstSubfolderSpec = 10;
			files = (
				D54341A027724E510036719F /* Auth0.xcframework in Embed Frameworks */,
				D54341A227724E510036719F /* JWTDecode.xcframework in Embed Frameworks */,
				D54341A427724E510036719F /* SimpleKeychain.xcframework in Embed Frameworks */,
			);
			name = "Embed Frameworks";
			runOnlyForDeploymentPostprocessing = 0;
		};
/* End PBXCopyFilesBuildPhase section */

/* Begin PBXFileReference section */
		D543418827724CD40036719F /* cart-tvos.app */ = {isa = PBXFileReference; explicitFileType = wrapper.application; includeInIndex = 0; path = "cart-tvos.app"; sourceTree = BUILT_PRODUCTS_DIR; };
		D543418B27724CD40036719F /* cart_tvosApp.swift */ = {isa = PBXFileReference; lastKnownFileType = sourcecode.swift; path = cart_tvosApp.swift; sourceTree = "<group>"; };
		D543418D27724CD40036719F /* ContentView.swift */ = {isa = PBXFileReference; lastKnownFileType = sourcecode.swift; path = ContentView.swift; sourceTree = "<group>"; };
		D543418F27724CD70036719F /* Assets.xcassets */ = {isa = PBXFileReference; lastKnownFileType = folder.assetcatalog; path = Assets.xcassets; sourceTree = "<group>"; };
		D543419227724CD70036719F /* Preview Assets.xcassets */ = {isa = PBXFileReference; lastKnownFileType = folder.assetcatalog; path = "Preview Assets.xcassets"; sourceTree = "<group>"; };
		D543419927724CE70036719F /* Auth0.plist */ = {isa = PBXFileReference; lastKnownFileType = text.plist.xml; path = Auth0.plist; sourceTree = "<group>"; };
		D543419C27724E510036719F /* Auth0.xcframework */ = {isa = PBXFileReference; lastKnownFileType = wrapper.xcframework; name = Auth0.xcframework; path = Carthage/Build/Auth0.xcframework; sourceTree = "<group>"; };
		D543419D27724E510036719F /* JWTDecode.xcframework */ = {isa = PBXFileReference; lastKnownFileType = wrapper.xcframework; name = JWTDecode.xcframework; path = Carthage/Build/JWTDecode.xcframework; sourceTree = "<group>"; };
		D543419E27724E510036719F /* SimpleKeychain.xcframework */ = {isa = PBXFileReference; lastKnownFileType = wrapper.xcframework; name = SimpleKeychain.xcframework; path = Carthage/Build/SimpleKeychain.xcframework; sourceTree = "<group>"; };
/* End PBXFileReference section */

/* Begin PBXFrameworksBuildPhase section */
		D543418527724CD40036719F /* Frameworks */ = {
			isa = PBXFrameworksBuildPhase;
			buildActionMask = 2147483647;
			files = (
				D543419F27724E510036719F /* Auth0.xcframework in Frameworks */,
				D54341A127724E510036719F /* JWTDecode.xcframework in Frameworks */,
				D54341A327724E510036719F /* SimpleKeychain.xcframework in Frameworks */,
			);
			runOnlyForDeploymentPostprocessing = 0;
		};
/* End PBXFrameworksBuildPhase section */

/* Begin PBXGroup section */
		D543417F27724CD40036719F = {
			isa = PBXGroup;
			children = (
				D543419927724CE70036719F /* Auth0.plist */,
				D543418A27724CD40036719F /* cart-tvos */,
				D543418927724CD40036719F /* Products */,
				D543419B27724E510036719F /* Frameworks */,
			);
			sourceTree = "<group>";
		};
		D543418927724CD40036719F /* Products */ = {
			isa = PBXGroup;
			children = (
				D543418827724CD40036719F /* cart-tvos.app */,
			);
			name = Products;
			sourceTree = "<group>";
		};
		D543418A27724CD40036719F /* cart-tvos */ = {
			isa = PBXGroup;
			children = (
				D543418B27724CD40036719F /* cart_tvosApp.swift */,
				D543418D27724CD40036719F /* ContentView.swift */,
				D543418F27724CD70036719F /* Assets.xcassets */,
				D543419127724CD70036719F /* Preview Content */,
			);
			path = "cart-tvos";
			sourceTree = "<group>";
		};
		D543419127724CD70036719F /* Preview Content */ = {
			isa = PBXGroup;
			children = (
				D543419227724CD70036719F /* Preview Assets.xcassets */,
			);
			path = "Preview Content";
			sourceTree = "<group>";
		};
		D543419B27724E510036719F /* Frameworks */ = {
			isa = PBXGroup;
			children = (
				D543419C27724E510036719F /* Auth0.xcframework */,
				D543419D27724E510036719F /* JWTDecode.xcframework */,
				D543419E27724E510036719F /* SimpleKeychain.xcframework */,
			);
			name = Frameworks;
			sourceTree = "<group>";
		};
/* End PBXGroup section */

/* Begin PBXNativeTarget section */
		D543418727724CD40036719F /* cart-tvos */ = {
			isa = PBXNativeTarget;
			buildConfigurationList = D543419627724CD70036719F /* Build configuration list for PBXNativeTarget "cart-tvos" */;
			buildPhases = (
				D543418427724CD40036719F /* Sources */,
				D543418527724CD40036719F /* Frameworks */,
				D543418627724CD40036719F /* Resources */,
				D54341A527724E510036719F /* Embed Frameworks */,
			);
			buildRules = (
			);
			dependencies = (
			);
			name = "cart-tvos";
			productName = "cart-tvos";
			productReference = D543418827724CD40036719F /* cart-tvos.app */;
			productType = "com.apple.product-type.application";
		};
/* End PBXNativeTarget section */

/* Begin PBXProject section */
		D543418027724CD40036719F /* Project object */ = {
			isa = PBXProject;
			attributes = {
				BuildIndependentTargetsInParallel = 1;
				LastSwiftUpdateCheck = 1320;
				LastUpgradeCheck = 1320;
				TargetAttributes = {
					D543418727724CD40036719F = {
						CreatedOnToolsVersion = 13.2;
					};
				};
			};
			buildConfigurationList = D543418327724CD40036719F /* Build configuration list for PBXProject "cart-tvos" */;
			compatibilityVersion = "Xcode 13.0";
			developmentRegion = en;
			hasScannedForEncodings = 0;
			knownRegions = (
				en,
				Base,
			);
			mainGroup = D543417F27724CD40036719F;
			productRefGroup = D543418927724CD40036719F /* Products */;
			projectDirPath = "";
			projectRoot = "";
			targets = (
				D543418727724CD40036719F /* cart-tvos */,
			);
		};
/* End PBXProject section */

/* Begin PBXResourcesBuildPhase section */
		D543418627724CD40036719F /* Resources */ = {
			isa = PBXResourcesBuildPhase;
			buildActionMask = 2147483647;
			files = (
				D543419327724CD70036719F /* Preview Assets.xcassets in Resources */,
				D543419A27724CE70036719F /* Auth0.plist in Resources */,
				D543419027724CD70036719F /* Assets.xcassets in Resources */,
			);
			runOnlyForDeploymentPostprocessing = 0;
		};
/* End PBXResourcesBuildPhase section */

/* Begin PBXSourcesBuildPhase section */
		D543418427724CD40036719F /* Sources */ = {
			isa = PBXSourcesBuildPhase;
			buildActionMask = 2147483647;
			files = (
				D543418E27724CD40036719F /* ContentView.swift in Sources */,
				D543418C27724CD40036719F /* cart_tvosApp.swift in Sources */,
			);
			runOnlyForDeploymentPostprocessing = 0;
		};
/* End PBXSourcesBuildPhase section */

/* Begin XCBuildConfiguration section */
		D543419427724CD70036719F /* Debug */ = {
			isa = XCBuildConfiguration;
			buildSettings = {
				ALWAYS_SEARCH_USER_PATHS = NO;
				CLANG_ANALYZER_NONNULL = YES;
				CLANG_ANALYZER_NUMBER_OBJECT_CONVERSION = YES_AGGRESSIVE;
				CLANG_CXX_LANGUAGE_STANDARD = "gnu++17";
				CLANG_CXX_LIBRARY = "libc++";
				CLANG_ENABLE_MODULES = YES;
				CLANG_ENABLE_OBJC_ARC = YES;
				CLANG_ENABLE_OBJC_WEAK = YES;
				CLANG_WARN_BLOCK_CAPTURE_AUTORELEASING = YES;
				CLANG_WARN_BOOL_CONVERSION = YES;
				CLANG_WARN_COMMA = YES;
				CLANG_WARN_CONSTANT_CONVERSION = YES;
				CLANG_WARN_DEPRECATED_OBJC_IMPLEMENTATIONS = YES;
				CLANG_WARN_DIRECT_OBJC_ISA_USAGE = YES_ERROR;
				CLANG_WARN_DOCUMENTATION_COMMENTS = YES;
				CLANG_WARN_EMPTY_BODY = YES;
				CLANG_WARN_ENUM_CONVERSION = YES;
				CLANG_WARN_INFINITE_RECURSION = YES;
				CLANG_WARN_INT_CONVERSION = YES;
				CLANG_WARN_NON_LITERAL_NULL_CONVERSION = YES;
				CLANG_WARN_OBJC_IMPLICIT_RETAIN_SELF = YES;
				CLANG_WARN_OBJC_LITERAL_CONVERSION = YES;
				CLANG_WARN_OBJC_ROOT_CLASS = YES_ERROR;
				CLANG_WARN_QUOTED_INCLUDE_IN_FRAMEWORK_HEADER = YES;
				CLANG_WARN_RANGE_LOOP_ANALYSIS = YES;
				CLANG_WARN_STRICT_PROTOTYPES = YES;
				CLANG_WARN_SUSPICIOUS_MOVE = YES;
				CLANG_WARN_UNGUARDED_AVAILABILITY = YES_AGGRESSIVE;
				CLANG_WARN_UNREACHABLE_CODE = YES;
				CLANG_WARN__DUPLICATE_METHOD_MATCH = YES;
				COPY_PHASE_STRIP = NO;
				DEBUG_INFORMATION_FORMAT = dwarf;
				ENABLE_STRICT_OBJC_MSGSEND = YES;
				ENABLE_TESTABILITY = YES;
				GCC_C_LANGUAGE_STANDARD = gnu11;
				GCC_DYNAMIC_NO_PIC = NO;
				GCC_NO_COMMON_BLOCKS = YES;
				GCC_OPTIMIZATION_LEVEL = 0;
				GCC_PREPROCESSOR_DEFINITIONS = (
					"DEBUG=1",
					"$(inherited)",
				);
				GCC_WARN_64_TO_32_BIT_CONVERSION = YES;
				GCC_WARN_ABOUT_RETURN_TYPE = YES_ERROR;
				GCC_WARN_UNDECLARED_SELECTOR = YES;
				GCC_WARN_UNINITIALIZED_AUTOS = YES_AGGRESSIVE;
				GCC_WARN_UNUSED_FUNCTION = YES;
				GCC_WARN_UNUSED_VARIABLE = YES;
				MTL_ENABLE_DEBUG_INFO = INCLUDE_SOURCE;
				MTL_FAST_MATH = YES;
				ONLY_ACTIVE_ARCH = YES;
				SDKROOT = appletvos;
				SWIFT_ACTIVE_COMPILATION_CONDITIONS = DEBUG;
				SWIFT_OPTIMIZATION_LEVEL = "-Onone";
				TVOS_DEPLOYMENT_TARGET = 15.2;
			};
			name = Debug;
		};
		D543419527724CD70036719F /* Release */ = {
			isa = XCBuildConfiguration;
			buildSettings = {
				ALWAYS_SEARCH_USER_PATHS = NO;
				CLANG_ANALYZER_NONNULL = YES;
				CLANG_ANALYZER_NUMBER_OBJECT_CONVERSION = YES_AGGRESSIVE;
				CLANG_CXX_LANGUAGE_STANDARD = "gnu++17";
				CLANG_CXX_LIBRARY = "libc++";
				CLANG_ENABLE_MODULES = YES;
				CLANG_ENABLE_OBJC_ARC = YES;
				CLANG_ENABLE_OBJC_WEAK = YES;
				CLANG_WARN_BLOCK_CAPTURE_AUTORELEASING = YES;
				CLANG_WARN_BOOL_CONVERSION = YES;
				CLANG_WARN_COMMA = YES;
				CLANG_WARN_CONSTANT_CONVERSION = YES;
				CLANG_WARN_DEPRECATED_OBJC_IMPLEMENTATIONS = YES;
				CLANG_WARN_DIRECT_OBJC_ISA_USAGE = YES_ERROR;
				CLANG_WARN_DOCUMENTATION_COMMENTS = YES;
				CLANG_WARN_EMPTY_BODY = YES;
				CLANG_WARN_ENUM_CONVERSION = YES;
				CLANG_WARN_INFINITE_RECURSION = YES;
				CLANG_WARN_INT_CONVERSION = YES;
				CLANG_WARN_NON_LITERAL_NULL_CONVERSION = YES;
				CLANG_WARN_OBJC_IMPLICIT_RETAIN_SELF = YES;
				CLANG_WARN_OBJC_LITERAL_CONVERSION = YES;
				CLANG_WARN_OBJC_ROOT_CLASS = YES_ERROR;
				CLANG_WARN_QUOTED_INCLUDE_IN_FRAMEWORK_HEADER = YES;
				CLANG_WARN_RANGE_LOOP_ANALYSIS = YES;
				CLANG_WARN_STRICT_PROTOTYPES = YES;
				CLANG_WARN_SUSPICIOUS_MOVE = YES;
				CLANG_WARN_UNGUARDED_AVAILABILITY = YES_AGGRESSIVE;
				CLANG_WARN_UNREACHABLE_CODE = YES;
				CLANG_WARN__DUPLICATE_METHOD_MATCH = YES;
				COPY_PHASE_STRIP = NO;
				DEBUG_INFORMATION_FORMAT = "dwarf-with-dsym";
				ENABLE_NS_ASSERTIONS = NO;
				ENABLE_STRICT_OBJC_MSGSEND = YES;
				GCC_C_LANGUAGE_STANDARD = gnu11;
				GCC_NO_COMMON_BLOCKS = YES;
				GCC_WARN_64_TO_32_BIT_CONVERSION = YES;
				GCC_WARN_ABOUT_RETURN_TYPE = YES_ERROR;
				GCC_WARN_UNDECLARED_SELECTOR = YES;
				GCC_WARN_UNINITIALIZED_AUTOS = YES_AGGRESSIVE;
				GCC_WARN_UNUSED_FUNCTION = YES;
				GCC_WARN_UNUSED_VARIABLE = YES;
				MTL_ENABLE_DEBUG_INFO = NO;
				MTL_FAST_MATH = YES;
				SDKROOT = appletvos;
				SWIFT_COMPILATION_MODE = wholemodule;
				SWIFT_OPTIMIZATION_LEVEL = "-O";
				TVOS_DEPLOYMENT_TARGET = 15.2;
				VALIDATE_PRODUCT = YES;
			};
			name = Release;
		};
		D543419727724CD70036719F /* Debug */ = {
			isa = XCBuildConfiguration;
			buildSettings = {
				ASSETCATALOG_COMPILER_APPICON_NAME = "App Icon & Top Shelf Image";
				ASSETCATALOG_COMPILER_GLOBAL_ACCENT_COLOR_NAME = AccentColor;
				CODE_SIGN_STYLE = Automatic;
				CURRENT_PROJECT_VERSION = 1;
				DEVELOPMENT_ASSET_PATHS = "\"cart-tvos/Preview Content\"";
				DEVELOPMENT_TEAM = 737Y7L95S3;
				ENABLE_PREVIEWS = YES;
				GENERATE_INFOPLIST_FILE = YES;
				INFOPLIST_KEY_UILaunchScreen_Generation = YES;
				INFOPLIST_KEY_UIUserInterfaceStyle = Automatic;
				LD_RUNPATH_SEARCH_PATHS = (
					"$(inherited)",
					"@executable_path/Frameworks",
				);
				MARKETING_VERSION = 1.0;
				PRODUCT_BUNDLE_IDENTIFIER = "com.auth0.cart-tvos";
				PRODUCT_NAME = "$(TARGET_NAME)";
				SWIFT_EMIT_LOC_STRINGS = YES;
				SWIFT_VERSION = 5.0;
				TARGETED_DEVICE_FAMILY = 3;
			};
			name = Debug;
		};
		D543419827724CD70036719F /* Release */ = {
			isa = XCBuildConfiguration;
			buildSettings = {
				ASSETCATALOG_COMPILER_APPICON_NAME = "App Icon & Top Shelf Image";
				ASSETCATALOG_COMPILER_GLOBAL_ACCENT_COLOR_NAME = AccentColor;
				CODE_SIGN_STYLE = Automatic;
				CURRENT_PROJECT_VERSION = 1;
				DEVELOPMENT_ASSET_PATHS = "\"cart-tvos/Preview Content\"";
				DEVELOPMENT_TEAM = 737Y7L95S3;
				ENABLE_PREVIEWS = YES;
				GENERATE_INFOPLIST_FILE = YES;
				INFOPLIST_KEY_UILaunchScreen_Generation = YES;
				INFOPLIST_KEY_UIUserInterfaceStyle = Automatic;
				LD_RUNPATH_SEARCH_PATHS = (
					"$(inherited)",
					"@executable_path/Frameworks",
				);
				MARKETING_VERSION = 1.0;
				PRODUCT_BUNDLE_IDENTIFIER = "com.auth0.cart-tvos";
				PRODUCT_NAME = "$(TARGET_NAME)";
				SWIFT_EMIT_LOC_STRINGS = YES;
				SWIFT_VERSION = 5.0;
				TARGETED_DEVICE_FAMILY = 3;
			};
			name = Release;
		};
/* End XCBuildConfiguration section */

/* Begin XCConfigurationList section */
		D543418327724CD40036719F /* Build configuration list for PBXProject "cart-tvos" */ = {
			isa = XCConfigurationList;
			buildConfigurations = (
				D543419427724CD70036719F /* Debug */,
				D543419527724CD70036719F /* Release */,
			);
			defaultConfigurationIsVisible = 0;
			defaultConfigurationName = Release;
		};
		D543419627724CD70036719F /* Build configuration list for PBXNativeTarget "cart-tvos" */ = {
			isa = XCConfigurationList;
			buildConfigurations = (
				D543419727724CD70036719F /* Debug */,
				D543419827724CD70036719F /* Release */,
			);
			defaultConfigurationIsVisible = 0;
			defaultConfigurationName = Release;
		};
/* End XCConfigurationList section */
	};
	rootObject = D543418027724CD40036719F /* Project object */;
}
