// !$*UTF8*$!
{
	archiveVersion = 1;
	classes = {
	};
	objectVersion = 55;
	objects = {

/* Begin PBXBuildFile section */
		D5EEBA262791A9BA00920E21 /* AppDelegate.swift in Sources */ = {isa = PBXBuildFile; fileRef = D5EEBA252791A9BA00920E21 /* AppDelegate.swift */; };
		D5EEBA282791A9BA00920E21 /* SceneDelegate.swift in Sources */ = {isa = PBXBuildFile; fileRef = D5EEBA272791A9BA00920E21 /* SceneDelegate.swift */; };
		D5EEBA2A2791A9BA00920E21 /* ViewController.swift in Sources */ = {isa = PBXBuildFile; fileRef = D5EEBA292791A9BA00920E21 /* ViewController.swift */; };
		D5EEBA2D2791A9BA00920E21 /* Main.storyboard in Resources */ = {isa = PBXBuildFile; fileRef = D5EEBA2B2791A9BA00920E21 /* Main.storyboard */; };
		D5EEBA2F2791A9BC00920E21 /* Assets.xcassets in Resources */ = {isa = PBXBuildFile; fileRef = D5EEBA2E2791A9BC00920E21 /* Assets.xcassets */; };
		D5EEBA322791A9BC00920E21 /* LaunchScreen.storyboard in Resources */ = {isa = PBXBuildFile; fileRef = D5EEBA302791A9BC00920E21 /* LaunchScreen.storyboard */; };
		D5EEBA3B2791A9F400920E21 /* Auth0 in Frameworks */ = {isa = PBXBuildFile; productRef = D5EEBA3A2791A9F400920E21 /* Auth0 */; };
		D5EEBA3D2791AB8F00920E21 /* Auth0.plist in Resources */ = {isa = PBXBuildFile; fileRef = D5EEBA3C2791AB8F00920E21 /* Auth0.plist */; };
/* End PBXBuildFile section */

/* Begin PBXFileReference section */
		D5EEBA222791A9BA00920E21 /* sample-app-ios.app */ = {isa = PBXFileReference; explicitFileType = wrapper.application; includeInIndex = 0; path = "sample-app-ios.app"; sourceTree = BUILT_PRODUCTS_DIR; };
		D5EEBA252791A9BA00920E21 /* AppDelegate.swift */ = {isa = PBXFileReference; lastKnownFileType = sourcecode.swift; path = AppDelegate.swift; sourceTree = "<group>"; };
		D5EEBA272791A9BA00920E21 /* SceneDelegate.swift */ = {isa = PBXFileReference; lastKnownFileType = sourcecode.swift; path = SceneDelegate.swift; sourceTree = "<group>"; };
		D5EEBA292791A9BA00920E21 /* ViewController.swift */ = {isa = PBXFileReference; lastKnownFileType = sourcecode.swift; path = ViewController.swift; sourceTree = "<group>"; };
		D5EEBA2C2791A9BA00920E21 /* Base */ = {isa = PBXFileReference; lastKnownFileType = file.storyboard; name = Base; path = Base.lproj/Main.storyboard; sourceTree = "<group>"; };
		D5EEBA2E2791A9BC00920E21 /* Assets.xcassets */ = {isa = PBXFileReference; lastKnownFileType = folder.assetcatalog; path = Assets.xcassets; sourceTree = "<group>"; };
		D5EEBA312791A9BC00920E21 /* Base */ = {isa = PBXFileReference; lastKnownFileType = file.storyboard; name = Base; path = Base.lproj/LaunchScreen.storyboard; sourceTree = "<group>"; };
		D5EEBA332791A9BC00920E21 /* Info.plist */ = {isa = PBXFileReference; lastKnownFileType = text.plist.xml; path = Info.plist; sourceTree = "<group>"; };
		D5EEBA3C2791AB8F00920E21 /* Auth0.plist */ = {isa = PBXFileReference; lastKnownFileType = text.plist.xml; path = Auth0.plist; sourceTree = "<group>"; };
/* End PBXFileReference section */

/* Begin PBXFrameworksBuildPhase section */
		D5EEBA1F2791A9BA00920E21 /* Frameworks */ = {
			isa = PBXFrameworksBuildPhase;
			buildActionMask = 2147483647;
			files = (
				D5EEBA3B2791A9F400920E21 /* Auth0 in Frameworks */,
			);
			runOnlyForDeploymentPostprocessing = 0;
		};
/* End PBXFrameworksBuildPhase section */

/* Begin PBXGroup section */
		D5EEBA192791A9BA00920E21 = {
			isa = PBXGroup;
			children = (
				D5EEBA3C2791AB8F00920E21 /* Auth0.plist */,
				D5EEBA242791A9BA00920E21 /* sample-app-ios */,
				D5EEBA232791A9BA00920E21 /* Products */,
			);
			sourceTree = "<group>";
		};
		D5EEBA232791A9BA00920E21 /* Products */ = {
			isa = PBXGroup;
			children = (
				D5EEBA222791A9BA00920E21 /* sample-app-ios.app */,
			);
			name = Products;
			sourceTree = "<group>";
		};
		D5EEBA242791A9BA00920E21 /* sample-app-ios */ = {
			isa = PBXGroup;
			children = (
				D5EEBA252791A9BA00920E21 /* AppDelegate.swift */,
				D5EEBA272791A9BA00920E21 /* SceneDelegate.swift */,
				D5EEBA292791A9BA00920E21 /* ViewController.swift */,
				D5EEBA2B2791A9BA00920E21 /* Main.storyboard */,
				D5EEBA2E2791A9BC00920E21 /* Assets.xcassets */,
				D5EEBA302791A9BC00920E21 /* LaunchScreen.storyboard */,
				D5EEBA332791A9BC00920E21 /* Info.plist */,
			);
			path = "sample-app-ios";
			sourceTree = "<group>";
		};
/* End PBXGroup section */

/* Begin PBXNativeTarget section */
		D5EEBA212791A9BA00920E21 /* sample-app-ios */ = {
			isa = PBXNativeTarget;
			buildConfigurationList = D5EEBA362791A9BC00920E21 /* Build configuration list for PBXNativeTarget "sample-app-ios" */;
			buildPhases = (
				D5EEBA1E2791A9BA00920E21 /* Sources */,
				D5EEBA1F2791A9BA00920E21 /* Frameworks */,
				D5EEBA202791A9BA00920E21 /* Resources */,
			);
			buildRules = (
			);
			dependencies = (
			);
			name = "sample-app-ios";
			packageProductDependencies = (
				D5EEBA3A2791A9F400920E21 /* Auth0 */,
			);
			productName = "sample-app-ios";
			productReference = D5EEBA222791A9BA00920E21 /* sample-app-ios.app */;
			productType = "com.apple.product-type.application";
		};
/* End PBXNativeTarget section */

/* Begin PBXProject section */
		D5EEBA1A2791A9BA00920E21 /* Project object */ = {
			isa = PBXProject;
			attributes = {
				BuildIndependentTargetsInParallel = 1;
				LastSwiftUpdateCheck = 1320;
				LastUpgradeCheck = 1320;
				TargetAttributes = {
					D5EEBA212791A9BA00920E21 = {
						CreatedOnToolsVersion = 13.2;
					};
				};
			};
			buildConfigurationList = D5EEBA1D2791A9BA00920E21 /* Build configuration list for PBXProject "sample-app-ios" */;
			compatibilityVersion = "Xcode 13.0";
			developmentRegion = en;
			hasScannedForEncodings = 0;
			knownRegions = (
				en,
				Base,
			);
			mainGroup = D5EEBA192791A9BA00920E21;
			packageReferences = (
				D5EEBA392791A9F400920E21 /* XCRemoteSwiftPackageReference "Auth0.swift" */,
			);
			productRefGroup = D5EEBA232791A9BA00920E21 /* Products */;
			projectDirPath = "";
			projectRoot = "";
			targets = (
				D5EEBA212791A9BA00920E21 /* sample-app-ios */,
			);
		};
/* End PBXProject section */

/* Begin PBXResourcesBuildPhase section */
		D5EEBA202791A9BA00920E21 /* Resources */ = {
			isa = PBXResourcesBuildPhase;
			buildActionMask = 2147483647;
			files = (
				D5EEBA322791A9BC00920E21 /* LaunchScreen.storyboard in Resources */,
				D5EEBA2F2791A9BC00920E21 /* Assets.xcassets in Resources */,
				D5EEBA2D2791A9BA00920E21 /* Main.storyboard in Resources */,
				D5EEBA3D2791AB8F00920E21 /* Auth0.plist in Resources */,
			);
			runOnlyForDeploymentPostprocessing = 0;
		};
/* End PBXResourcesBuildPhase section */

/* Begin PBXSourcesBuildPhase section */
		D5EEBA1E2791A9BA00920E21 /* Sources */ = {
			isa = PBXSourcesBuildPhase;
			buildActionMask = 2147483647;
			files = (
				D5EEBA2A2791A9BA00920E21 /* ViewController.swift in Sources */,
				D5EEBA262791A9BA00920E21 /* AppDelegate.swift in Sources */,
				D5EEBA282791A9BA00920E21 /* SceneDelegate.swift in Sources */,
			);
			runOnlyForDeploymentPostprocessing = 0;
		};
/* End PBXSourcesBuildPhase section */

/* Begin PBXVariantGroup section */
		D5EEBA2B2791A9BA00920E21 /* Main.storyboard */ = {
			isa = PBXVariantGroup;
			children = (
				D5EEBA2C2791A9BA00920E21 /* Base */,
			);
			name = Main.storyboard;
			sourceTree = "<group>";
		};
		D5EEBA302791A9BC00920E21 /* LaunchScreen.storyboard */ = {
			isa = PBXVariantGroup;
			children = (
				D5EEBA312791A9BC00920E21 /* Base */,
			);
			name = LaunchScreen.storyboard;
			sourceTree = "<group>";
		};
/* End PBXVariantGroup section */

/* Begin XCBuildConfiguration section */
		D5EEBA342791A9BC00920E21 /* Debug */ = {
			isa = XCBuildConfiguration;
			buildSettings = {
				ALWAYS_SEARCH_USER_PATHS = NO;
				CLANG_ANALYZER_NONNULL = YES;
				CLANG_ANALYZER_NUMBER_OBJECT_CONVERSION = YES_AGGRESSIVE;
				CLANG_CXX_LANGUAGE_STANDARD = "gnu++17";
				CLANG_CXX_LIBRARY = "libc++";
				CLANG_ENABLE_MODULES = YES;
				CLANG_ENABLE_OBJC_ARC = YES;
				CLANG_ENABLE_OBJC_WEAK = YES;
				CLANG_WARN_BLOCK_CAPTURE_AUTORELEASING = YES;
				CLANG_WARN_BOOL_CONVERSION = YES;
				CLANG_WARN_COMMA = YES;
				CLANG_WARN_CONSTANT_CONVERSION = YES;
				CLANG_WARN_DEPRECATED_OBJC_IMPLEMENTATIONS = YES;
				CLANG_WARN_DIRECT_OBJC_ISA_USAGE = YES_ERROR;
				CLANG_WARN_DOCUMENTATION_COMMENTS = YES;
				CLANG_WARN_EMPTY_BODY = YES;
				CLANG_WARN_ENUM_CONVERSION = YES;
				CLANG_WARN_INFINITE_RECURSION = YES;
				CLANG_WARN_INT_CONVERSION = YES;
				CLANG_WARN_NON_LITERAL_NULL_CONVERSION = YES;
				CLANG_WARN_OBJC_IMPLICIT_RETAIN_SELF = YES;
				CLANG_WARN_OBJC_LITERAL_CONVERSION = YES;
				CLANG_WARN_OBJC_ROOT_CLASS = YES_ERROR;
				CLANG_WARN_QUOTED_INCLUDE_IN_FRAMEWORK_HEADER = YES;
				CLANG_WARN_RANGE_LOOP_ANALYSIS = YES;
				CLANG_WARN_STRICT_PROTOTYPES = YES;
				CLANG_WARN_SUSPICIOUS_MOVE = YES;
				CLANG_WARN_UNGUARDED_AVAILABILITY = YES_AGGRESSIVE;
				CLANG_WARN_UNREACHABLE_CODE = YES;
				CLANG_WARN__DUPLICATE_METHOD_MATCH = YES;
				COPY_PHASE_STRIP = NO;
				DEBUG_INFORMATION_FORMAT = dwarf;
				ENABLE_STRICT_OBJC_MSGSEND = YES;
				ENABLE_TESTABILITY = YES;
				GCC_C_LANGUAGE_STANDARD = gnu11;
				GCC_DYNAMIC_NO_PIC = NO;
				GCC_NO_COMMON_BLOCKS = YES;
				GCC_OPTIMIZATION_LEVEL = 0;
				GCC_PREPROCESSOR_DEFINITIONS = (
					"DEBUG=1",
					"$(inherited)",
				);
				GCC_WARN_64_TO_32_BIT_CONVERSION = YES;
				GCC_WARN_ABOUT_RETURN_TYPE = YES_ERROR;
				GCC_WARN_UNDECLARED_SELECTOR = YES;
				GCC_WARN_UNINITIALIZED_AUTOS = YES_AGGRESSIVE;
				GCC_WARN_UNUSED_FUNCTION = YES;
				GCC_WARN_UNUSED_VARIABLE = YES;
				IPHONEOS_DEPLOYMENT_TARGET = 15.2;
				MTL_ENABLE_DEBUG_INFO = INCLUDE_SOURCE;
				MTL_FAST_MATH = YES;
				ONLY_ACTIVE_ARCH = YES;
				SDKROOT = iphoneos;
				SWIFT_ACTIVE_COMPILATION_CONDITIONS = DEBUG;
				SWIFT_OPTIMIZATION_LEVEL = "-Onone";
			};
			name = Debug;
		};
		D5EEBA352791A9BC00920E21 /* Release */ = {
			isa = XCBuildConfiguration;
			buildSettings = {
				ALWAYS_SEARCH_USER_PATHS = NO;
				CLANG_ANALYZER_NONNULL = YES;
				CLANG_ANALYZER_NUMBER_OBJECT_CONVERSION = YES_AGGRESSIVE;
				CLANG_CXX_LANGUAGE_STANDARD = "gnu++17";
				CLANG_CXX_LIBRARY = "libc++";
				CLANG_ENABLE_MODULES = YES;
				CLANG_ENABLE_OBJC_ARC = YES;
				CLANG_ENABLE_OBJC_WEAK = YES;
				CLANG_WARN_BLOCK_CAPTURE_AUTORELEASING = YES;
				CLANG_WARN_BOOL_CONVERSION = YES;
				CLANG_WARN_COMMA = YES;
				CLANG_WARN_CONSTANT_CONVERSION = YES;
				CLANG_WARN_DEPRECATED_OBJC_IMPLEMENTATIONS = YES;
				CLANG_WARN_DIRECT_OBJC_ISA_USAGE = YES_ERROR;
				CLANG_WARN_DOCUMENTATION_COMMENTS = YES;
				CLANG_WARN_EMPTY_BODY = YES;
				CLANG_WARN_ENUM_CONVERSION = YES;
				CLANG_WARN_INFINITE_RECURSION = YES;
				CLANG_WARN_INT_CONVERSION = YES;
				CLANG_WARN_NON_LITERAL_NULL_CONVERSION = YES;
				CLANG_WARN_OBJC_IMPLICIT_RETAIN_SELF = YES;
				CLANG_WARN_OBJC_LITERAL_CONVERSION = YES;
				CLANG_WARN_OBJC_ROOT_CLASS = YES_ERROR;
				CLANG_WARN_QUOTED_INCLUDE_IN_FRAMEWORK_HEADER = YES;
				CLANG_WARN_RANGE_LOOP_ANALYSIS = YES;
				CLANG_WARN_STRICT_PROTOTYPES = YES;
				CLANG_WARN_SUSPICIOUS_MOVE = YES;
				CLANG_WARN_UNGUARDED_AVAILABILITY = YES_AGGRESSIVE;
				CLANG_WARN_UNREACHABLE_CODE = YES;
				CLANG_WARN__DUPLICATE_METHOD_MATCH = YES;
				COPY_PHASE_STRIP = NO;
				DEBUG_INFORMATION_FORMAT = "dwarf-with-dsym";
				ENABLE_NS_ASSERTIONS = NO;
				ENABLE_STRICT_OBJC_MSGSEND = YES;
				GCC_C_LANGUAGE_STANDARD = gnu11;
				GCC_NO_COMMON_BLOCKS = YES;
				GCC_WARN_64_TO_32_BIT_CONVERSION = YES;
				GCC_WARN_ABOUT_RETURN_TYPE = YES_ERROR;
				GCC_WARN_UNDECLARED_SELECTOR = YES;
				GCC_WARN_UNINITIALIZED_AUTOS = YES_AGGRESSIVE;
				GCC_WARN_UNUSED_FUNCTION = YES;
				GCC_WARN_UNUSED_VARIABLE = YES;
				IPHONEOS_DEPLOYMENT_TARGET = 15.2;
				MTL_ENABLE_DEBUG_INFO = NO;
				MTL_FAST_MATH = YES;
				SDKROOT = iphoneos;
				SWIFT_COMPILATION_MODE = wholemodule;
				SWIFT_OPTIMIZATION_LEVEL = "-O";
				VALIDATE_PRODUCT = YES;
			};
			name = Release;
		};
		D5EEBA372791A9BC00920E21 /* Debug */ = {
			isa = XCBuildConfiguration;
			buildSettings = {
				ASSETCATALOG_COMPILER_APPICON_NAME = AppIcon;
				ASSETCATALOG_COMPILER_GLOBAL_ACCENT_COLOR_NAME = AccentColor;
				CODE_SIGN_STYLE = Automatic;
				CURRENT_PROJECT_VERSION = 1;
				DEVELOPMENT_TEAM = 86WQXF56BC;
				GENERATE_INFOPLIST_FILE = YES;
				INFOPLIST_FILE = "sample-app-ios/Info.plist";
				INFOPLIST_KEY_UIApplicationSupportsIndirectInputEvents = YES;
				INFOPLIST_KEY_UILaunchStoryboardName = LaunchScreen;
				INFOPLIST_KEY_UIMainStoryboardFile = Main;
				INFOPLIST_KEY_UISupportedInterfaceOrientations_iPad = "UIInterfaceOrientationPortrait UIInterfaceOrientationPortraitUpsideDown UIInterfaceOrientationLandscapeLeft UIInterfaceOrientationLandscapeRight";
				INFOPLIST_KEY_UISupportedInterfaceOrientations_iPhone = "UIInterfaceOrientationPortrait UIInterfaceOrientationLandscapeLeft UIInterfaceOrientationLandscapeRight";
				IPHONEOS_DEPLOYMENT_TARGET = 12.0;
				LD_RUNPATH_SEARCH_PATHS = (
					"$(inherited)",
					"@executable_path/Frameworks",
				);
				MARKETING_VERSION = 1.0;
				PRODUCT_BUNDLE_IDENTIFIER = "com.auth0.sample-app-ios";
				PRODUCT_NAME = "$(TARGET_NAME)";
				SWIFT_EMIT_LOC_STRINGS = YES;
				SWIFT_VERSION = 5.0;
				TARGETED_DEVICE_FAMILY = 1;
			};
			name = Debug;
		};
		D5EEBA382791A9BC00920E21 /* Release */ = {
			isa = XCBuildConfiguration;
			buildSettings = {
				ASSETCATALOG_COMPILER_APPICON_NAME = AppIcon;
				ASSETCATALOG_COMPILER_GLOBAL_ACCENT_COLOR_NAME = AccentColor;
				CODE_SIGN_STYLE = Automatic;
				CURRENT_PROJECT_VERSION = 1;
				DEVELOPMENT_TEAM = 86WQXF56BC;
				GENERATE_INFOPLIST_FILE = YES;
				INFOPLIST_FILE = "sample-app-ios/Info.plist";
				INFOPLIST_KEY_UIApplicationSupportsIndirectInputEvents = YES;
				INFOPLIST_KEY_UILaunchStoryboardName = LaunchScreen;
				INFOPLIST_KEY_UIMainStoryboardFile = Main;
				INFOPLIST_KEY_UISupportedInterfaceOrientations_iPad = "UIInterfaceOrientationPortrait UIInterfaceOrientationPortraitUpsideDown UIInterfaceOrientationLandscapeLeft UIInterfaceOrientationLandscapeRight";
				INFOPLIST_KEY_UISupportedInterfaceOrientations_iPhone = "UIInterfaceOrientationPortrait UIInterfaceOrientationLandscapeLeft UIInterfaceOrientationLandscapeRight";
				IPHONEOS_DEPLOYMENT_TARGET = 12.0;
				LD_RUNPATH_SEARCH_PATHS = (
					"$(inherited)",
					"@executable_path/Frameworks",
				);
				MARKETING_VERSION = 1.0;
				PRODUCT_BUNDLE_IDENTIFIER = "com.auth0.sample-app-ios";
				PRODUCT_NAME = "$(TARGET_NAME)";
				SWIFT_EMIT_LOC_STRINGS = YES;
				SWIFT_VERSION = 5.0;
				TARGETED_DEVICE_FAMILY = 1;
			};
			name = Release;
		};
/* End XCBuildConfiguration section */

/* Begin XCConfigurationList section */
		D5EEBA1D2791A9BA00920E21 /* Build configuration list for PBXProject "sample-app-ios" */ = {
			isa = XCConfigurationList;
			buildConfigurations = (
				D5EEBA342791A9BC00920E21 /* Debug */,
				D5EEBA352791A9BC00920E21 /* Release */,
			);
			defaultConfigurationIsVisible = 0;
			defaultConfigurationName = Release;
		};
		D5EEBA362791A9BC00920E21 /* Build configuration list for PBXNativeTarget "sample-app-ios" */ = {
			isa = XCConfigurationList;
			buildConfigurations = (
				D5EEBA372791A9BC00920E21 /* Debug */,
				D5EEBA382791A9BC00920E21 /* Release */,
			);
			defaultConfigurationIsVisible = 0;
			defaultConfigurationName = Release;
		};
/* End XCConfigurationList section */

/* Begin XCRemoteSwiftPackageReference section */
		D5EEBA392791A9F400920E21 /* XCRemoteSwiftPackageReference "Auth0.swift" */ = {
			isa = XCRemoteSwiftPackageReference;
			repositoryURL = "https://github.com/auth0/Auth0.swift.git";
			requirement = {
				branch = beta;
				kind = branch;
			};
		};
/* End XCRemoteSwiftPackageReference section */

/* Begin XCSwiftPackageProductDependency section */
		D5EEBA3A2791A9F400920E21 /* Auth0 */ = {
			isa = XCSwiftPackageProductDependency;
			package = D5EEBA392791A9F400920E21 /* XCRemoteSwiftPackageReference "Auth0.swift" */;
			productName = Auth0;
		};
/* End XCSwiftPackageProductDependency section */
	};
	rootObject = D5EEBA1A2791A9BA00920E21 /* Project object */;
}
